// !$*UTF8*$!
{
	archiveVersion = 1;
	classes = {
	};
	objectVersion = 46;
	objects = {

/* Begin PBXBuildFile section */
		F67ED4DE19C8B78000B266BD /* AYVibrantButton.m in Sources */ = {isa = PBXBuildFile; fileRef = F67ED4A819C8B78000B266BD /* AYVibrantButton.m */; };
		F67ED4DF19C8B78000B266BD /* CNBluetoothCentral.m in Sources */ = {isa = PBXBuildFile; fileRef = F67ED4AB19C8B78000B266BD /* CNBluetoothCentral.m */; };
		F67ED4E019C8B78000B266BD /* CoinBLEDemo-Info.plist in Resources */ = {isa = PBXBuildFile; fileRef = F67ED4AC19C8B78000B266BD /* CoinBLEDemo-Info.plist */; };
		F67ED4E119C8B78000B266BD /* DraggableView.m in Sources */ = {isa = PBXBuildFile; fileRef = F67ED4AF19C8B78000B266BD /* DraggableView.m */; };
		F67ED4E219C8B78000B266BD /* M13Checkbox.m in Sources */ = {isa = PBXBuildFile; fileRef = F67ED4B119C8B78000B266BD /* M13Checkbox.m */; };
		F67ED4E319C8B78000B266BD /* MyAnnotation.m in Sources */ = {isa = PBXBuildFile; fileRef = F67ED4B319C8B78000B266BD /* MyAnnotation.m */; };
		F67ED4E419C8B78000B266BD /* OverlayView.m in Sources */ = {isa = PBXBuildFile; fileRef = F67ED4B519C8B78000B266BD /* OverlayView.m */; };
		F67ED4E519C8B78000B266BD /* RankingProvBadges.m in Sources */ = {isa = PBXBuildFile; fileRef = F67ED4B719C8B78000B266BD /* RankingProvBadges.m */; };
		F67ED4E619C8B78000B266BD /* RankingProvPontos.m in Sources */ = {isa = PBXBuildFile; fileRef = F67ED4B919C8B78000B266BD /* RankingProvPontos.m */; };
		F67ED4E719C8B78000B266BD /* Reachability.m in Sources */ = {isa = PBXBuildFile; fileRef = F67ED4BB19C8B78000B266BD /* Reachability.m */; };
		F67ED4E819C8B78000B266BD /* JMStaticContentTableViewCell.m in Sources */ = {isa = PBXBuildFile; fileRef = F67ED4C019C8B78000B266BD /* JMStaticContentTableViewCell.m */; };
		F67ED4E919C8B78000B266BD /* JMStaticContentTableViewController.m in Sources */ = {isa = PBXBuildFile; fileRef = F67ED4C219C8B78000B266BD /* JMStaticContentTableViewController.m */; };
		F67ED4EA19C8B78000B266BD /* JMStaticContentTableViewSection.m in Sources */ = {isa = PBXBuildFile; fileRef = F67ED4C419C8B78000B266BD /* JMStaticContentTableViewSection.m */; };
		F67ED4EB19C8B78000B266BD /* JMStaticContentTextFieldTableViewCell.m in Sources */ = {isa = PBXBuildFile; fileRef = F67ED4C619C8B78000B266BD /* JMStaticContentTextFieldTableViewCell.m */; };
		F67ED4EC19C8B78000B266BD /* NotificationsViewController.m in Sources */ = {isa = PBXBuildFile; fileRef = F67ED4C819C8B78000B266BD /* NotificationsViewController.m */; };
		F67ED4ED19C8B78000B266BD /* WifiNetwork.m in Sources */ = {isa = PBXBuildFile; fileRef = F67ED4CA19C8B78000B266BD /* WifiNetwork.m */; };
		F67ED4EE19C8B78000B266BD /* WifiNetworkTableViewCell.m in Sources */ = {isa = PBXBuildFile; fileRef = F67ED4CC19C8B78000B266BD /* WifiNetworkTableViewCell.m */; };
		F67ED4EF19C8B78000B266BD /* WifiViewController.m in Sources */ = {isa = PBXBuildFile; fileRef = F67ED4CE19C8B78000B266BD /* WifiViewController.m */; };
		F67ED4F019C8B78000B266BD /* SVProgressHUD.bundle in Resources */ = {isa = PBXBuildFile; fileRef = F67ED4D119C8B78000B266BD /* SVProgressHUD.bundle */; };
		F67ED4F119C8B78000B266BD /* SVProgressHUD.m in Sources */ = {isa = PBXBuildFile; fileRef = F67ED4D319C8B78000B266BD /* SVProgressHUD.m */; };
		F67ED4F319C8B78000B266BD /* UITextField+Shake.m in Sources */ = {isa = PBXBuildFile; fileRef = F67ED4D819C8B78000B266BD /* UITextField+Shake.m */; };
		F67ED4F419C8B78000B266BD /* webService.m in Sources */ = {isa = PBXBuildFile; fileRef = F67ED4DA19C8B78000B266BD /* webService.m */; };
		F67ED4F519C8B78000B266BD /* YLProgressBar.m in Sources */ = {isa = PBXBuildFile; fileRef = F67ED4DD19C8B78000B266BD /* YLProgressBar.m */; };
		F67ED4F919C8CA2800B266BD /* mapa-melhorlixopapao.png in Resources */ = {isa = PBXBuildFile; fileRef = F67ED4F619C8CA2800B266BD /* mapa-melhorlixopapao.png */; };
		F67ED4FA19C8CA2800B266BD /* mapa-melhorcoleta.png in Resources */ = {isa = PBXBuildFile; fileRef = F67ED4F719C8CA2800B266BD /* mapa-melhorcoleta.png */; };
		F67ED4FB19C8CA2800B266BD /* mapa-melhor$.png in Resources */ = {isa = PBXBuildFile; fileRef = F67ED4F819C8CA2800B266BD /* mapa-melhor$.png */; };
		F67ED4FD19C8DC1900B266BD /* FacebookSDK.framework in Frameworks */ = {isa = PBXBuildFile; fileRef = F67ED4FC19C8DC1900B266BD /* FacebookSDK.framework */; };
		F76A114C19C8ACB800843A9D /* Foundation.framework in Frameworks */ = {isa = PBXBuildFile; fileRef = F76A114B19C8ACB800843A9D /* Foundation.framework */; };
		F76A114E19C8ACB800843A9D /* CoreGraphics.framework in Frameworks */ = {isa = PBXBuildFile; fileRef = F76A114D19C8ACB800843A9D /* CoreGraphics.framework */; };
		F76A115019C8ACB800843A9D /* UIKit.framework in Frameworks */ = {isa = PBXBuildFile; fileRef = F76A114F19C8ACB800843A9D /* UIKit.framework */; };
		F76A115619C8ACB800843A9D /* InfoPlist.strings in Resources */ = {isa = PBXBuildFile; fileRef = F76A115419C8ACB800843A9D /* InfoPlist.strings */; };
		F76A115819C8ACB800843A9D /* main.m in Sources */ = {isa = PBXBuildFile; fileRef = F76A115719C8ACB800843A9D /* main.m */; };
		F76A115C19C8ACB800843A9D /* AppDelegate.m in Sources */ = {isa = PBXBuildFile; fileRef = F76A115B19C8ACB800843A9D /* AppDelegate.m */; };
		F76A115E19C8ACB800843A9D /* Images.xcassets in Resources */ = {isa = PBXBuildFile; fileRef = F76A115D19C8ACB800843A9D /* Images.xcassets */; };
		F76A116519C8ACB900843A9D /* XCTest.framework in Frameworks */ = {isa = PBXBuildFile; fileRef = F76A116419C8ACB900843A9D /* XCTest.framework */; };
		F76A116619C8ACB900843A9D /* Foundation.framework in Frameworks */ = {isa = PBXBuildFile; fileRef = F76A114B19C8ACB800843A9D /* Foundation.framework */; };
		F76A116719C8ACB900843A9D /* UIKit.framework in Frameworks */ = {isa = PBXBuildFile; fileRef = F76A114F19C8ACB800843A9D /* UIKit.framework */; };
		F76A116F19C8ACB900843A9D /* InfoPlist.strings in Resources */ = {isa = PBXBuildFile; fileRef = F76A116D19C8ACB900843A9D /* InfoPlist.strings */; };
		F76A117119C8ACB900843A9D /* Lixo_MestreTests.m in Sources */ = {isa = PBXBuildFile; fileRef = F76A117019C8ACB900843A9D /* Lixo_MestreTests.m */; };
		F76A11F819C8ACF700843A9D /* LixoPapao.storyboard in Resources */ = {isa = PBXBuildFile; fileRef = F76A117A19C8ACF700843A9D /* LixoPapao.storyboard */; };
		F76A11F919C8ACF700843A9D /* BluetoothVC.m in Sources */ = {isa = PBXBuildFile; fileRef = F76A117D19C8ACF700843A9D /* BluetoothVC.m */; };
		F76A11FA19C8ACF700843A9D /* LoginVC.m in Sources */ = {isa = PBXBuildFile; fileRef = F76A117F19C8ACF700843A9D /* LoginVC.m */; };
		F76A11FB19C8ACF700843A9D /* MainContainerViewController.m in Sources */ = {isa = PBXBuildFile; fileRef = F76A118119C8ACF700843A9D /* MainContainerViewController.m */; };
		F76A11FC19C8ACF700843A9D /* MapaVC.m in Sources */ = {isa = PBXBuildFile; fileRef = F76A118319C8ACF700843A9D /* MapaVC.m */; };
		F76A11FD19C8ACF700843A9D /* MenuViewController.m in Sources */ = {isa = PBXBuildFile; fileRef = F76A118519C8ACF700843A9D /* MenuViewController.m */; };
		F76A11FE19C8ACF700843A9D /* RankingVC.m in Sources */ = {isa = PBXBuildFile; fileRef = F76A118719C8ACF700843A9D /* RankingVC.m */; };
		F76A11FF19C8ACF700843A9D /* TabGeralVC.m in Sources */ = {isa = PBXBuildFile; fileRef = F76A118919C8ACF700843A9D /* TabGeralVC.m */; };
		F76A120019C8ACF700843A9D /* TinderVC.m in Sources */ = {isa = PBXBuildFile; fileRef = F76A118B19C8ACF700843A9D /* TinderVC.m */; };
		F76A120119C8ACF700843A9D /* bixos papoes-01.png in Resources */ = {isa = PBXBuildFile; fileRef = F76A118F19C8ACF700843A9D /* bixos papoes-01.png */; };
		F76A120219C8ACF700843A9D /* bixos papoes-02.png in Resources */ = {isa = PBXBuildFile; fileRef = F76A119019C8ACF700843A9D /* bixos papoes-02.png */; };
		F76A120319C8ACF700843A9D /* bixos papoes-03.png in Resources */ = {isa = PBXBuildFile; fileRef = F76A119119C8ACF700843A9D /* bixos papoes-03.png */; };
		F76A120419C8ACF700843A9D /* conectividade-01.png in Resources */ = {isa = PBXBuildFile; fileRef = F76A119319C8ACF700843A9D /* conectividade-01.png */; };
		F76A120519C8ACF700843A9D /* conectividade-01.xcf in Resources */ = {isa = PBXBuildFile; fileRef = F76A119419C8ACF700843A9D /* conectividade-01.xcf */; };
		F76A120619C8ACF700843A9D /* conectividade-02.png in Resources */ = {isa = PBXBuildFile; fileRef = F76A119519C8ACF700843A9D /* conectividade-02.png */; };
		F76A120719C8ACF700843A9D /* conectividade-02.xcf in Resources */ = {isa = PBXBuildFile; fileRef = F76A119619C8ACF700843A9D /* conectividade-02.xcf */; };
		F76A120819C8ACF700843A9D /* conectividade-03.png in Resources */ = {isa = PBXBuildFile; fileRef = F76A119719C8ACF700843A9D /* conectividade-03.png */; };
		F76A120919C8ACF700843A9D /* conectividade-03.xcf in Resources */ = {isa = PBXBuildFile; fileRef = F76A119819C8ACF700843A9D /* conectividade-03.xcf */; };
		F76A120A19C8ACF700843A9D /* conectividade-04.png in Resources */ = {isa = PBXBuildFile; fileRef = F76A119919C8ACF700843A9D /* conectividade-04.png */; };
		F76A120B19C8ACF700843A9D /* JOGOS-01.png in Resources */ = {isa = PBXBuildFile; fileRef = F76A119B19C8ACF700843A9D /* JOGOS-01.png */; };
		F76A120C19C8ACF700843A9D /* JOGOS-02.png in Resources */ = {isa = PBXBuildFile; fileRef = F76A119C19C8ACF700843A9D /* JOGOS-02.png */; };
		F76A120D19C8ACF700843A9D /* ezequiel.png in Resources */ = {isa = PBXBuildFile; fileRef = F76A119E19C8ACF700843A9D /* ezequiel.png */; };
		F76A120E19C8ACF700843A9D /* gabriel.png in Resources */ = {isa = PBXBuildFile; fileRef = F76A119F19C8ACF700843A9D /* gabriel.png */; };
		F76A120F19C8ACF700843A9D /* joao.png in Resources */ = {isa = PBXBuildFile; fileRef = F76A11A019C8ACF700843A9D /* joao.png */; };
		F76A121019C8ACF700843A9D /* logoo.png in Resources */ = {isa = PBXBuildFile; fileRef = F76A11A119C8ACF700843A9D /* logoo.png */; };
		F76A121119C8ACF700843A9D /* pedro.png in Resources */ = {isa = PBXBuildFile; fileRef = F76A11A219C8ACF700843A9D /* pedro.png */; };
		F76A121219C8ACF700843A9D /* mapa-$.png in Resources */ = {isa = PBXBuildFile; fileRef = F76A11A419C8ACF700843A9D /* mapa-$.png */; };
		F76A121319C8ACF700843A9D /* mapa-coleta.png in Resources */ = {isa = PBXBuildFile; fileRef = F76A11A519C8ACF700843A9D /* mapa-coleta.png */; };
		F76A121419C8ACF700843A9D /* mapa-lixopapao.png in Resources */ = {isa = PBXBuildFile; fileRef = F76A11A619C8ACF700843A9D /* mapa-lixopapao.png */; };
		F76A121519C8ACF700843A9D /* ranking-01.png in Resources */ = {isa = PBXBuildFile; fileRef = F76A11A819C8ACF700843A9D /* ranking-01.png */; };
		F76A121619C8ACF700843A9D /* ranking-02.png in Resources */ = {isa = PBXBuildFile; fileRef = F76A11A919C8ACF700843A9D /* ranking-02.png */; };
		F76A121719C8ACF700843A9D /* ranking-03.png in Resources */ = {isa = PBXBuildFile; fileRef = F76A11AA19C8ACF700843A9D /* ranking-03.png */; };
		F76A121819C8ACF700843A9D /* ranking-04.png in Resources */ = {isa = PBXBuildFile; fileRef = F76A11AB19C8ACF700843A9D /* ranking-04.png */; };
		F76A121919C8ACF700843A9D /* ranking-05.png in Resources */ = {isa = PBXBuildFile; fileRef = F76A11AC19C8ACF700843A9D /* ranking-05.png */; };
		F76A121A19C8ACF700843A9D /* ranking-06.png in Resources */ = {isa = PBXBuildFile; fileRef = F76A11AD19C8ACF700843A9D /* ranking-06.png */; };
		F76A121B19C8ACF700843A9D /* botao-amigos.png in Resources */ = {isa = PBXBuildFile; fileRef = F76A11AF19C8ACF700843A9D /* botao-amigos.png */; };
		F76A121C19C8ACF700843A9D /* botao-estatistica.png in Resources */ = {isa = PBXBuildFile; fileRef = F76A11B019C8ACF700843A9D /* botao-estatistica.png */; };
		F76A121D19C8ACF700843A9D /* botao-game.png in Resources */ = {isa = PBXBuildFile; fileRef = F76A11B119C8ACF700843A9D /* botao-game.png */; };
		F76A121E19C8ACF700843A9D /* balão.png in Resources */ = {isa = PBXBuildFile; fileRef = F76A11B319C8ACF700843A9D /* balão.png */; };
		F76A121F19C8ACF700843A9D /* redes-01.png in Resources */ = {isa = PBXBuildFile; fileRef = F76A11B419C8ACF700843A9D /* redes-01.png */; };
		F76A122019C8ACF700843A9D /* redes-02.png in Resources */ = {isa = PBXBuildFile; fileRef = F76A11B519C8ACF700843A9D /* redes-02.png */; };
		F76A122119C8ACF700843A9D /* redes-03.png in Resources */ = {isa = PBXBuildFile; fileRef = F76A11B619C8ACF700843A9D /* redes-03.png */; };
		F76A122219C8ACF700843A9D /* redes-04.png in Resources */ = {isa = PBXBuildFile; fileRef = F76A11B719C8ACF700843A9D /* redes-04.png */; };
		F76A122319C8ACF700843A9D /* redes-05.png in Resources */ = {isa = PBXBuildFile; fileRef = F76A11B819C8ACF700843A9D /* redes-05.png */; };
		F76A122419C8ACF700843A9D /* redes-06.png in Resources */ = {isa = PBXBuildFile; fileRef = F76A11B919C8ACF700843A9D /* redes-06.png */; };
		F76A122519C8ACF700843A9D /* redes-07.png in Resources */ = {isa = PBXBuildFile; fileRef = F76A11BA19C8ACF700843A9D /* redes-07.png */; };
		F76A122619C8ACF700843A9D /* redes-08.png in Resources */ = {isa = PBXBuildFile; fileRef = F76A11BB19C8ACF700843A9D /* redes-08.png */; };
		F76A122719C8ACF700843A9D /* exit.png in Resources */ = {isa = PBXBuildFile; fileRef = F76A11BD19C8ACF700843A9D /* exit.png */; };
		F76A122819C8ACF700843A9D /* recycle_sign-100.png in Resources */ = {isa = PBXBuildFile; fileRef = F76A11C019C8ACF700843A9D /* recycle_sign-100.png */; };
		F76A122919C8ACF700843A9D /* settings-100.png in Resources */ = {isa = PBXBuildFile; fileRef = F76A11C119C8ACF700843A9D /* settings-100.png */; };
		F76A122A19C8ACF700843A9D /* recycle_sign-128.png in Resources */ = {isa = PBXBuildFile; fileRef = F76A11C319C8ACF700843A9D /* recycle_sign-128.png */; };
		F76A122B19C8ACF700843A9D /* settings-128.png in Resources */ = {isa = PBXBuildFile; fileRef = F76A11C419C8ACF700843A9D /* settings-128.png */; };
		F76A122C19C8ACF700843A9D /* recycle_sign-25.png in Resources */ = {isa = PBXBuildFile; fileRef = F76A11C619C8ACF700843A9D /* recycle_sign-25.png */; };
		F76A122D19C8ACF700843A9D /* settings-25.png in Resources */ = {isa = PBXBuildFile; fileRef = F76A11C719C8ACF700843A9D /* settings-25.png */; };
		F76A122E19C8ACF700843A9D /* recycle_sign-256.png in Resources */ = {isa = PBXBuildFile; fileRef = F76A11C919C8ACF700843A9D /* recycle_sign-256.png */; };
		F76A122F19C8ACF700843A9D /* settings-256.png in Resources */ = {isa = PBXBuildFile; fileRef = F76A11CA19C8ACF700843A9D /* settings-256.png */; };
		F76A123019C8ACF700843A9D /* recycle_sign-32.png in Resources */ = {isa = PBXBuildFile; fileRef = F76A11CC19C8ACF700843A9D /* recycle_sign-32.png */; };
		F76A123119C8ACF700843A9D /* settings-32.png in Resources */ = {isa = PBXBuildFile; fileRef = F76A11CD19C8ACF700843A9D /* settings-32.png */; };
		F76A123219C8ACF700843A9D /* recycle_sign-50.png in Resources */ = {isa = PBXBuildFile; fileRef = F76A11CF19C8ACF700843A9D /* recycle_sign-50.png */; };
		F76A123319C8ACF700843A9D /* settings-50.png in Resources */ = {isa = PBXBuildFile; fileRef = F76A11D019C8ACF700843A9D /* settings-50.png */; };
		F76A123419C8ACF700843A9D /* recycle_sign-512.png in Resources */ = {isa = PBXBuildFile; fileRef = F76A11D219C8ACF700843A9D /* recycle_sign-512.png */; };
		F76A123519C8ACF700843A9D /* settings-512.png in Resources */ = {isa = PBXBuildFile; fileRef = F76A11D319C8ACF700843A9D /* settings-512.png */; };
		F76A123619C8ACF700843A9D /* recycle_sign-75.png in Resources */ = {isa = PBXBuildFile; fileRef = F76A11D519C8ACF700843A9D /* recycle_sign-75.png */; };
		F76A123719C8ACF700843A9D /* settings-75.png in Resources */ = {isa = PBXBuildFile; fileRef = F76A11D619C8ACF700843A9D /* settings-75.png */; };
		F76A123819C8ACF700843A9D /* tutorial.png in Resources */ = {isa = PBXBuildFile; fileRef = F76A11D719C8ACF700843A9D /* tutorial.png */; };
		F76A123919C8ACF700843A9D /* fundo.png in Resources */ = {isa = PBXBuildFile; fileRef = F76A11D919C8ACF700843A9D /* fundo.png */; };
		F76A123A19C8ACF700843A9D /* tabbar-01.png in Resources */ = {isa = PBXBuildFile; fileRef = F76A11DA19C8ACF700843A9D /* tabbar-01.png */; };
		F76A123B19C8ACF700843A9D /* tabbar-02.png in Resources */ = {isa = PBXBuildFile; fileRef = F76A11DB19C8ACF700843A9D /* tabbar-02.png */; };
		F76A123C19C8ACF700843A9D /* tabbar-03.png in Resources */ = {isa = PBXBuildFile; fileRef = F76A11DC19C8ACF700843A9D /* tabbar-03.png */; };
		F76A123D19C8ACF700843A9D /* tabbar-04.png in Resources */ = {isa = PBXBuildFile; fileRef = F76A11DD19C8ACF700843A9D /* tabbar-04.png */; };
		F76A123E19C8ACF700843A9D /* tabbar-05.png in Resources */ = {isa = PBXBuildFile; fileRef = F76A11DE19C8ACF700843A9D /* tabbar-05.png */; };
		F76A123F19C8ACF700843A9D /* tabbar-06.png in Resources */ = {isa = PBXBuildFile; fileRef = F76A11DF19C8ACF700843A9D /* tabbar-06.png */; };
		F76A124019C8ACF700843A9D /* tabbar-07.png in Resources */ = {isa = PBXBuildFile; fileRef = F76A11E019C8ACF700843A9D /* tabbar-07.png */; };
		F76A124119C8ACF700843A9D /* tabbar-08.png in Resources */ = {isa = PBXBuildFile; fileRef = F76A11E119C8ACF700843A9D /* tabbar-08.png */; };
		F76A124219C8ACF700843A9D /* tabbar-09.png in Resources */ = {isa = PBXBuildFile; fileRef = F76A11E219C8ACF700843A9D /* tabbar-09.png */; };
		F76A124319C8ACF700843A9D /* tabbar-10.png in Resources */ = {isa = PBXBuildFile; fileRef = F76A11E319C8ACF700843A9D /* tabbar-10.png */; };
		F76A124419C8ACF700843A9D /* 1.png in Resources */ = {isa = PBXBuildFile; fileRef = F76A11E519C8ACF700843A9D /* 1.png */; };
		F76A124519C8ACF700843A9D /* 2.png in Resources */ = {isa = PBXBuildFile; fileRef = F76A11E619C8ACF700843A9D /* 2.png */; };
		F76A124619C8ACF700843A9D /* 3.png in Resources */ = {isa = PBXBuildFile; fileRef = F76A11E719C8ACF700843A9D /* 3.png */; };
		F76A124719C8ACF700843A9D /* 4.png in Resources */ = {isa = PBXBuildFile; fileRef = F76A11E819C8ACF700843A9D /* 4.png */; };
		F76A124819C8ACF700843A9D /* 5.png in Resources */ = {isa = PBXBuildFile; fileRef = F76A11E919C8ACF700843A9D /* 5.png */; };
		F76A124919C8ACF700843A9D /* 6.png in Resources */ = {isa = PBXBuildFile; fileRef = F76A11EA19C8ACF700843A9D /* 6.png */; };
		F76A124A19C8ACF700843A9D /* 7.png in Resources */ = {isa = PBXBuildFile; fileRef = F76A11EB19C8ACF700843A9D /* 7.png */; };
		F76A124B19C8ACF700843A9D /* 8.png in Resources */ = {isa = PBXBuildFile; fileRef = F76A11EC19C8ACF700843A9D /* 8.png */; };
		F76A124C19C8ACF700843A9D /* 9.png in Resources */ = {isa = PBXBuildFile; fileRef = F76A11ED19C8ACF700843A9D /* 9.png */; };
		F76A124D19C8ACF700843A9D /* tinder-01.png in Resources */ = {isa = PBXBuildFile; fileRef = F76A11EF19C8ACF700843A9D /* tinder-01.png */; };
		F76A124E19C8ACF700843A9D /* tinder-02.png in Resources */ = {isa = PBXBuildFile; fileRef = F76A11F019C8ACF700843A9D /* tinder-02.png */; };
		F76A124F19C8ACF700843A9D /* USUARIO-01.png in Resources */ = {isa = PBXBuildFile; fileRef = F76A11F219C8ACF700843A9D /* USUARIO-01.png */; };
		F76A125019C8ACF700843A9D /* USUARIO-02.png in Resources */ = {isa = PBXBuildFile; fileRef = F76A11F319C8ACF700843A9D /* USUARIO-02.png */; };
		F76A125119C8ACF700843A9D /* USUARIO-03.png in Resources */ = {isa = PBXBuildFile; fileRef = F76A11F419C8ACF700843A9D /* USUARIO-03.png */; };
		F76A125219C8ACF700843A9D /* Default-568h@2x.png in Resources */ = {isa = PBXBuildFile; fileRef = F76A11F519C8ACF700843A9D /* Default-568h@2x.png */; };
		F76A125319C8ACF700843A9D /* Default.png in Resources */ = {isa = PBXBuildFile; fileRef = F76A11F619C8ACF700843A9D /* Default.png */; };
		F76A125419C8ACF700843A9D /* Default@2x.png in Resources */ = {isa = PBXBuildFile; fileRef = F76A11F719C8ACF700843A9D /* Default@2x.png */; };
		F76A125619C8AD6500843A9D /* MapKit.framework in Frameworks */ = {isa = PBXBuildFile; fileRef = F76A125519C8AD6500843A9D /* MapKit.framework */; };
		F76A125819C8AD6E00843A9D /* CoreLocation.framework in Frameworks */ = {isa = PBXBuildFile; fileRef = F76A125719C8AD6E00843A9D /* CoreLocation.framework */; };
		F76A125A19C8AD7800843A9D /* CoreFoundation.framework in Frameworks */ = {isa = PBXBuildFile; fileRef = F76A125919C8AD7800843A9D /* CoreFoundation.framework */; };
		F76A125C19C8AD7F00843A9D /* CoreBluetooth.framework in Frameworks */ = {isa = PBXBuildFile; fileRef = F76A125B19C8AD7F00843A9D /* CoreBluetooth.framework */; };
/* End PBXBuildFile section */

/* Begin PBXContainerItemProxy section */
		F76A116819C8ACB900843A9D /* PBXContainerItemProxy */ = {
			isa = PBXContainerItemProxy;
			containerPortal = F76A114019C8ACB800843A9D /* Project object */;
			proxyType = 1;
			remoteGlobalIDString = F76A114719C8ACB800843A9D;
			remoteInfo = "Lixo-Mestre";
		};
/* End PBXContainerItemProxy section */

/* Begin PBXFileReference section */
		F67ED4A719C8B78000B266BD /* AYVibrantButton.h */ = {isa = PBXFileReference; fileEncoding = 4; lastKnownFileType = sourcecode.c.h; path = AYVibrantButton.h; sourceTree = "<group>"; };
		F67ED4A819C8B78000B266BD /* AYVibrantButton.m */ = {isa = PBXFileReference; fileEncoding = 4; lastKnownFileType = sourcecode.c.objc; path = AYVibrantButton.m; sourceTree = "<group>"; };
		F67ED4AA19C8B78000B266BD /* CNBluetoothCentral.h */ = {isa = PBXFileReference; fileEncoding = 4; lastKnownFileType = sourcecode.c.h; path = CNBluetoothCentral.h; sourceTree = "<group>"; };
		F67ED4AB19C8B78000B266BD /* CNBluetoothCentral.m */ = {isa = PBXFileReference; fileEncoding = 4; lastKnownFileType = sourcecode.c.objc; path = CNBluetoothCentral.m; sourceTree = "<group>"; };
		F67ED4AC19C8B78000B266BD /* CoinBLEDemo-Info.plist */ = {isa = PBXFileReference; fileEncoding = 4; lastKnownFileType = text.plist.xml; path = "CoinBLEDemo-Info.plist"; sourceTree = "<group>"; };
		F67ED4AD19C8B78000B266BD /* CoinBLEDemo-Prefix.pch */ = {isa = PBXFileReference; fileEncoding = 4; lastKnownFileType = sourcecode.c.h; path = "CoinBLEDemo-Prefix.pch"; sourceTree = "<group>"; };
		F67ED4AE19C8B78000B266BD /* DraggableView.h */ = {isa = PBXFileReference; fileEncoding = 4; lastKnownFileType = sourcecode.c.h; path = DraggableView.h; sourceTree = "<group>"; };
		F67ED4AF19C8B78000B266BD /* DraggableView.m */ = {isa = PBXFileReference; fileEncoding = 4; lastKnownFileType = sourcecode.c.objc; path = DraggableView.m; sourceTree = "<group>"; };
		F67ED4B019C8B78000B266BD /* M13Checkbox.h */ = {isa = PBXFileReference; fileEncoding = 4; lastKnownFileType = sourcecode.c.h; path = M13Checkbox.h; sourceTree = "<group>"; };
		F67ED4B119C8B78000B266BD /* M13Checkbox.m */ = {isa = PBXFileReference; fileEncoding = 4; lastKnownFileType = sourcecode.c.objc; path = M13Checkbox.m; sourceTree = "<group>"; };
		F67ED4B219C8B78000B266BD /* MyAnnotation.h */ = {isa = PBXFileReference; fileEncoding = 4; lastKnownFileType = sourcecode.c.h; path = MyAnnotation.h; sourceTree = "<group>"; };
		F67ED4B319C8B78000B266BD /* MyAnnotation.m */ = {isa = PBXFileReference; fileEncoding = 4; lastKnownFileType = sourcecode.c.objc; path = MyAnnotation.m; sourceTree = "<group>"; };
		F67ED4B419C8B78000B266BD /* OverlayView.h */ = {isa = PBXFileReference; fileEncoding = 4; lastKnownFileType = sourcecode.c.h; path = OverlayView.h; sourceTree = "<group>"; };
		F67ED4B519C8B78000B266BD /* OverlayView.m */ = {isa = PBXFileReference; fileEncoding = 4; lastKnownFileType = sourcecode.c.objc; path = OverlayView.m; sourceTree = "<group>"; };
		F67ED4B619C8B78000B266BD /* RankingProvBadges.h */ = {isa = PBXFileReference; fileEncoding = 4; lastKnownFileType = sourcecode.c.h; path = RankingProvBadges.h; sourceTree = "<group>"; };
		F67ED4B719C8B78000B266BD /* RankingProvBadges.m */ = {isa = PBXFileReference; fileEncoding = 4; lastKnownFileType = sourcecode.c.objc; path = RankingProvBadges.m; sourceTree = "<group>"; };
		F67ED4B819C8B78000B266BD /* RankingProvPontos.h */ = {isa = PBXFileReference; fileEncoding = 4; lastKnownFileType = sourcecode.c.h; path = RankingProvPontos.h; sourceTree = "<group>"; };
		F67ED4B919C8B78000B266BD /* RankingProvPontos.m */ = {isa = PBXFileReference; fileEncoding = 4; lastKnownFileType = sourcecode.c.objc; path = RankingProvPontos.m; sourceTree = "<group>"; };
		F67ED4BA19C8B78000B266BD /* Reachability.h */ = {isa = PBXFileReference; fileEncoding = 4; lastKnownFileType = sourcecode.c.h; path = Reachability.h; sourceTree = "<group>"; };
		F67ED4BB19C8B78000B266BD /* Reachability.m */ = {isa = PBXFileReference; fileEncoding = 4; lastKnownFileType = sourcecode.c.objc; path = Reachability.m; sourceTree = "<group>"; };
		F67ED4BE19C8B78000B266BD /* JMStaticContentTableViewBlocks.h */ = {isa = PBXFileReference; fileEncoding = 4; lastKnownFileType = sourcecode.c.h; path = JMStaticContentTableViewBlocks.h; sourceTree = "<group>"; };
		F67ED4BF19C8B78000B266BD /* JMStaticContentTableViewCell.h */ = {isa = PBXFileReference; fileEncoding = 4; lastKnownFileType = sourcecode.c.h; path = JMStaticContentTableViewCell.h; sourceTree = "<group>"; };
		F67ED4C019C8B78000B266BD /* JMStaticContentTableViewCell.m */ = {isa = PBXFileReference; fileEncoding = 4; lastKnownFileType = sourcecode.c.objc; path = JMStaticContentTableViewCell.m; sourceTree = "<group>"; };
		F67ED4C119C8B78000B266BD /* JMStaticContentTableViewController.h */ = {isa = PBXFileReference; fileEncoding = 4; lastKnownFileType = sourcecode.c.h; path = JMStaticContentTableViewController.h; sourceTree = "<group>"; };
		F67ED4C219C8B78000B266BD /* JMStaticContentTableViewController.m */ = {isa = PBXFileReference; fileEncoding = 4; lastKnownFileType = sourcecode.c.objc; path = JMStaticContentTableViewController.m; sourceTree = "<group>"; };
		F67ED4C319C8B78000B266BD /* JMStaticContentTableViewSection.h */ = {isa = PBXFileReference; fileEncoding = 4; lastKnownFileType = sourcecode.c.h; path = JMStaticContentTableViewSection.h; sourceTree = "<group>"; };
		F67ED4C419C8B78000B266BD /* JMStaticContentTableViewSection.m */ = {isa = PBXFileReference; fileEncoding = 4; lastKnownFileType = sourcecode.c.objc; path = JMStaticContentTableViewSection.m; sourceTree = "<group>"; };
		F67ED4C519C8B78000B266BD /* JMStaticContentTextFieldTableViewCell.h */ = {isa = PBXFileReference; fileEncoding = 4; lastKnownFileType = sourcecode.c.h; path = JMStaticContentTextFieldTableViewCell.h; sourceTree = "<group>"; };
		F67ED4C619C8B78000B266BD /* JMStaticContentTextFieldTableViewCell.m */ = {isa = PBXFileReference; fileEncoding = 4; lastKnownFileType = sourcecode.c.objc; path = JMStaticContentTextFieldTableViewCell.m; sourceTree = "<group>"; };
		F67ED4C719C8B78000B266BD /* NotificationsViewController.h */ = {isa = PBXFileReference; fileEncoding = 4; lastKnownFileType = sourcecode.c.h; path = NotificationsViewController.h; sourceTree = "<group>"; };
		F67ED4C819C8B78000B266BD /* NotificationsViewController.m */ = {isa = PBXFileReference; fileEncoding = 4; lastKnownFileType = sourcecode.c.objc; path = NotificationsViewController.m; sourceTree = "<group>"; };
		F67ED4C919C8B78000B266BD /* WifiNetwork.h */ = {isa = PBXFileReference; fileEncoding = 4; lastKnownFileType = sourcecode.c.h; path = WifiNetwork.h; sourceTree = "<group>"; };
		F67ED4CA19C8B78000B266BD /* WifiNetwork.m */ = {isa = PBXFileReference; fileEncoding = 4; lastKnownFileType = sourcecode.c.objc; path = WifiNetwork.m; sourceTree = "<group>"; };
		F67ED4CB19C8B78000B266BD /* WifiNetworkTableViewCell.h */ = {isa = PBXFileReference; fileEncoding = 4; lastKnownFileType = sourcecode.c.h; path = WifiNetworkTableViewCell.h; sourceTree = "<group>"; };
		F67ED4CC19C8B78000B266BD /* WifiNetworkTableViewCell.m */ = {isa = PBXFileReference; fileEncoding = 4; lastKnownFileType = sourcecode.c.objc; path = WifiNetworkTableViewCell.m; sourceTree = "<group>"; };
		F67ED4CD19C8B78000B266BD /* WifiViewController.h */ = {isa = PBXFileReference; fileEncoding = 4; lastKnownFileType = sourcecode.c.h; path = WifiViewController.h; sourceTree = "<group>"; };
		F67ED4CE19C8B78000B266BD /* WifiViewController.m */ = {isa = PBXFileReference; fileEncoding = 4; lastKnownFileType = sourcecode.c.objc; path = WifiViewController.m; sourceTree = "<group>"; };
		F67ED4D019C8B78000B266BD /* SVProgressHUD-Prefix.pch */ = {isa = PBXFileReference; fileEncoding = 4; lastKnownFileType = sourcecode.c.h; path = "SVProgressHUD-Prefix.pch"; sourceTree = "<group>"; };
		F67ED4D119C8B78000B266BD /* SVProgressHUD.bundle */ = {isa = PBXFileReference; lastKnownFileType = "wrapper.plug-in"; path = SVProgressHUD.bundle; sourceTree = "<group>"; };
		F67ED4D219C8B78000B266BD /* SVProgressHUD.h */ = {isa = PBXFileReference; fileEncoding = 4; lastKnownFileType = sourcecode.c.h; path = SVProgressHUD.h; sourceTree = "<group>"; };
		F67ED4D319C8B78000B266BD /* SVProgressHUD.m */ = {isa = PBXFileReference; fileEncoding = 4; lastKnownFileType = sourcecode.c.objc; path = SVProgressHUD.m; sourceTree = "<group>"; };
		F67ED4D719C8B78000B266BD /* UITextField+Shake.h */ = {isa = PBXFileReference; fileEncoding = 4; lastKnownFileType = sourcecode.c.h; path = "UITextField+Shake.h"; sourceTree = "<group>"; };
		F67ED4D819C8B78000B266BD /* UITextField+Shake.m */ = {isa = PBXFileReference; fileEncoding = 4; lastKnownFileType = sourcecode.c.objc; path = "UITextField+Shake.m"; sourceTree = "<group>"; };
		F67ED4D919C8B78000B266BD /* webService.h */ = {isa = PBXFileReference; fileEncoding = 4; lastKnownFileType = sourcecode.c.h; path = webService.h; sourceTree = "<group>"; };
		F67ED4DA19C8B78000B266BD /* webService.m */ = {isa = PBXFileReference; fileEncoding = 4; lastKnownFileType = sourcecode.c.objc; path = webService.m; sourceTree = "<group>"; };
		F67ED4DC19C8B78000B266BD /* YLProgressBar.h */ = {isa = PBXFileReference; fileEncoding = 4; lastKnownFileType = sourcecode.c.h; path = YLProgressBar.h; sourceTree = "<group>"; };
		F67ED4DD19C8B78000B266BD /* YLProgressBar.m */ = {isa = PBXFileReference; fileEncoding = 4; lastKnownFileType = sourcecode.c.objc; path = YLProgressBar.m; sourceTree = "<group>"; };
		F67ED4F619C8CA2800B266BD /* mapa-melhorlixopapao.png */ = {isa = PBXFileReference; lastKnownFileType = image.png; path = "mapa-melhorlixopapao.png"; sourceTree = "<group>"; };
		F67ED4F719C8CA2800B266BD /* mapa-melhorcoleta.png */ = {isa = PBXFileReference; lastKnownFileType = image.png; path = "mapa-melhorcoleta.png"; sourceTree = "<group>"; };
		F67ED4F819C8CA2800B266BD /* mapa-melhor$.png */ = {isa = PBXFileReference; lastKnownFileType = image.png; path = "mapa-melhor$.png"; sourceTree = "<group>"; };
		F67ED4FC19C8DC1900B266BD /* FacebookSDK.framework */ = {isa = PBXFileReference; lastKnownFileType = wrapper.framework; name = FacebookSDK.framework; path = ../../Documents/FacebookSDK/FacebookSDK.framework; sourceTree = "<group>"; };
		F76A114819C8ACB800843A9D /* Lixo-Mestre.app */ = {isa = PBXFileReference; explicitFileType = wrapper.application; includeInIndex = 0; path = "Lixo-Mestre.app"; sourceTree = BUILT_PRODUCTS_DIR; };
		F76A114B19C8ACB800843A9D /* Foundation.framework */ = {isa = PBXFileReference; lastKnownFileType = wrapper.framework; name = Foundation.framework; path = System/Library/Frameworks/Foundation.framework; sourceTree = SDKROOT; };
		F76A114D19C8ACB800843A9D /* CoreGraphics.framework */ = {isa = PBXFileReference; lastKnownFileType = wrapper.framework; name = CoreGraphics.framework; path = System/Library/Frameworks/CoreGraphics.framework; sourceTree = SDKROOT; };
		F76A114F19C8ACB800843A9D /* UIKit.framework */ = {isa = PBXFileReference; lastKnownFileType = wrapper.framework; name = UIKit.framework; path = System/Library/Frameworks/UIKit.framework; sourceTree = SDKROOT; };
		F76A115319C8ACB800843A9D /* Lixo-Mestre-Info.plist */ = {isa = PBXFileReference; lastKnownFileType = text.plist.xml; path = "Lixo-Mestre-Info.plist"; sourceTree = "<group>"; };
		F76A115519C8ACB800843A9D /* en */ = {isa = PBXFileReference; lastKnownFileType = text.plist.strings; name = en; path = en.lproj/InfoPlist.strings; sourceTree = "<group>"; };
		F76A115719C8ACB800843A9D /* main.m */ = {isa = PBXFileReference; lastKnownFileType = sourcecode.c.objc; path = main.m; sourceTree = "<group>"; };
		F76A115919C8ACB800843A9D /* Lixo-Mestre-Prefix.pch */ = {isa = PBXFileReference; lastKnownFileType = sourcecode.c.h; path = "Lixo-Mestre-Prefix.pch"; sourceTree = "<group>"; };
		F76A115A19C8ACB800843A9D /* AppDelegate.h */ = {isa = PBXFileReference; lastKnownFileType = sourcecode.c.h; path = AppDelegate.h; sourceTree = "<group>"; };
		F76A115B19C8ACB800843A9D /* AppDelegate.m */ = {isa = PBXFileReference; lastKnownFileType = sourcecode.c.objc; path = AppDelegate.m; sourceTree = "<group>"; };
		F76A115D19C8ACB800843A9D /* Images.xcassets */ = {isa = PBXFileReference; lastKnownFileType = folder.assetcatalog; path = Images.xcassets; sourceTree = "<group>"; };
		F76A116319C8ACB900843A9D /* Lixo-MestreTests.xctest */ = {isa = PBXFileReference; explicitFileType = wrapper.cfbundle; includeInIndex = 0; path = "Lixo-MestreTests.xctest"; sourceTree = BUILT_PRODUCTS_DIR; };
		F76A116419C8ACB900843A9D /* XCTest.framework */ = {isa = PBXFileReference; lastKnownFileType = wrapper.framework; name = XCTest.framework; path = Library/Frameworks/XCTest.framework; sourceTree = DEVELOPER_DIR; };
		F76A116C19C8ACB900843A9D /* Lixo-MestreTests-Info.plist */ = {isa = PBXFileReference; lastKnownFileType = text.plist.xml; path = "Lixo-MestreTests-Info.plist"; sourceTree = "<group>"; };
		F76A116E19C8ACB900843A9D /* en */ = {isa = PBXFileReference; lastKnownFileType = text.plist.strings; name = en; path = en.lproj/InfoPlist.strings; sourceTree = "<group>"; };
		F76A117019C8ACB900843A9D /* Lixo_MestreTests.m */ = {isa = PBXFileReference; lastKnownFileType = sourcecode.c.objc; path = Lixo_MestreTests.m; sourceTree = "<group>"; };
		F76A117A19C8ACF700843A9D /* LixoPapao.storyboard */ = {isa = PBXFileReference; fileEncoding = 4; lastKnownFileType = file.storyboard; path = LixoPapao.storyboard; sourceTree = "<group>"; };
		F76A117C19C8ACF700843A9D /* BluetoothVC.h */ = {isa = PBXFileReference; fileEncoding = 4; lastKnownFileType = sourcecode.c.h; path = BluetoothVC.h; sourceTree = "<group>"; };
		F76A117D19C8ACF700843A9D /* BluetoothVC.m */ = {isa = PBXFileReference; fileEncoding = 4; lastKnownFileType = sourcecode.c.objc; path = BluetoothVC.m; sourceTree = "<group>"; };
		F76A117E19C8ACF700843A9D /* LoginVC.h */ = {isa = PBXFileReference; fileEncoding = 4; lastKnownFileType = sourcecode.c.h; path = LoginVC.h; sourceTree = "<group>"; };
		F76A117F19C8ACF700843A9D /* LoginVC.m */ = {isa = PBXFileReference; fileEncoding = 4; lastKnownFileType = sourcecode.c.objc; path = LoginVC.m; sourceTree = "<group>"; };
		F76A118019C8ACF700843A9D /* MainContainerViewController.h */ = {isa = PBXFileReference; fileEncoding = 4; lastKnownFileType = sourcecode.c.h; path = MainContainerViewController.h; sourceTree = "<group>"; };
		F76A118119C8ACF700843A9D /* MainContainerViewController.m */ = {isa = PBXFileReference; fileEncoding = 4; lastKnownFileType = sourcecode.c.objc; path = MainContainerViewController.m; sourceTree = "<group>"; };
		F76A118219C8ACF700843A9D /* MapaVC.h */ = {isa = PBXFileReference; fileEncoding = 4; lastKnownFileType = sourcecode.c.h; path = MapaVC.h; sourceTree = "<group>"; };
		F76A118319C8ACF700843A9D /* MapaVC.m */ = {isa = PBXFileReference; fileEncoding = 4; lastKnownFileType = sourcecode.c.objc; path = MapaVC.m; sourceTree = "<group>"; };
		F76A118419C8ACF700843A9D /* MenuViewController.h */ = {isa = PBXFileReference; fileEncoding = 4; lastKnownFileType = sourcecode.c.h; path = MenuViewController.h; sourceTree = "<group>"; };
		F76A118519C8ACF700843A9D /* MenuViewController.m */ = {isa = PBXFileReference; fileEncoding = 4; lastKnownFileType = sourcecode.c.objc; path = MenuViewController.m; sourceTree = "<group>"; };
		F76A118619C8ACF700843A9D /* RankingVC.h */ = {isa = PBXFileReference; fileEncoding = 4; lastKnownFileType = sourcecode.c.h; path = RankingVC.h; sourceTree = "<group>"; };
		F76A118719C8ACF700843A9D /* RankingVC.m */ = {isa = PBXFileReference; fileEncoding = 4; lastKnownFileType = sourcecode.c.objc; path = RankingVC.m; sourceTree = "<group>"; };
		F76A118819C8ACF700843A9D /* TabGeralVC.h */ = {isa = PBXFileReference; fileEncoding = 4; lastKnownFileType = sourcecode.c.h; path = TabGeralVC.h; sourceTree = "<group>"; };
		F76A118919C8ACF700843A9D /* TabGeralVC.m */ = {isa = PBXFileReference; fileEncoding = 4; lastKnownFileType = sourcecode.c.objc; path = TabGeralVC.m; sourceTree = "<group>"; };
		F76A118A19C8ACF700843A9D /* TinderVC.h */ = {isa = PBXFileReference; fileEncoding = 4; lastKnownFileType = sourcecode.c.h; path = TinderVC.h; sourceTree = "<group>"; };
		F76A118B19C8ACF700843A9D /* TinderVC.m */ = {isa = PBXFileReference; fileEncoding = 4; lastKnownFileType = sourcecode.c.objc; path = TinderVC.m; sourceTree = "<group>"; };
		F76A118F19C8ACF700843A9D /* bixos papoes-01.png */ = {isa = PBXFileReference; lastKnownFileType = image.png; path = "bixos papoes-01.png"; sourceTree = "<group>"; };
		F76A119019C8ACF700843A9D /* bixos papoes-02.png */ = {isa = PBXFileReference; lastKnownFileType = image.png; path = "bixos papoes-02.png"; sourceTree = "<group>"; };
		F76A119119C8ACF700843A9D /* bixos papoes-03.png */ = {isa = PBXFileReference; lastKnownFileType = image.png; path = "bixos papoes-03.png"; sourceTree = "<group>"; };
		F76A119319C8ACF700843A9D /* conectividade-01.png */ = {isa = PBXFileReference; lastKnownFileType = image.png; path = "conectividade-01.png"; sourceTree = "<group>"; };
		F76A119419C8ACF700843A9D /* conectividade-01.xcf */ = {isa = PBXFileReference; lastKnownFileType = file; path = "conectividade-01.xcf"; sourceTree = "<group>"; };
		F76A119519C8ACF700843A9D /* conectividade-02.png */ = {isa = PBXFileReference; lastKnownFileType = image.png; path = "conectividade-02.png"; sourceTree = "<group>"; };
		F76A119619C8ACF700843A9D /* conectividade-02.xcf */ = {isa = PBXFileReference; lastKnownFileType = file; path = "conectividade-02.xcf"; sourceTree = "<group>"; };
		F76A119719C8ACF700843A9D /* conectividade-03.png */ = {isa = PBXFileReference; lastKnownFileType = image.png; path = "conectividade-03.png"; sourceTree = "<group>"; };
		F76A119819C8ACF700843A9D /* conectividade-03.xcf */ = {isa = PBXFileReference; lastKnownFileType = file; path = "conectividade-03.xcf"; sourceTree = "<group>"; };
		F76A119919C8ACF700843A9D /* conectividade-04.png */ = {isa = PBXFileReference; lastKnownFileType = image.png; path = "conectividade-04.png"; sourceTree = "<group>"; };
		F76A119B19C8ACF700843A9D /* JOGOS-01.png */ = {isa = PBXFileReference; lastKnownFileType = image.png; path = "JOGOS-01.png"; sourceTree = "<group>"; };
		F76A119C19C8ACF700843A9D /* JOGOS-02.png */ = {isa = PBXFileReference; lastKnownFileType = image.png; path = "JOGOS-02.png"; sourceTree = "<group>"; };
		F76A119E19C8ACF700843A9D /* ezequiel.png */ = {isa = PBXFileReference; lastKnownFileType = image.png; path = ezequiel.png; sourceTree = "<group>"; };
		F76A119F19C8ACF700843A9D /* gabriel.png */ = {isa = PBXFileReference; lastKnownFileType = image.png; path = gabriel.png; sourceTree = "<group>"; };
		F76A11A019C8ACF700843A9D /* joao.png */ = {isa = PBXFileReference; lastKnownFileType = image.png; path = joao.png; sourceTree = "<group>"; };
		F76A11A119C8ACF700843A9D /* logoo.png */ = {isa = PBXFileReference; lastKnownFileType = image.png; path = logoo.png; sourceTree = "<group>"; };
		F76A11A219C8ACF700843A9D /* pedro.png */ = {isa = PBXFileReference; lastKnownFileType = image.png; path = pedro.png; sourceTree = "<group>"; };
		F76A11A419C8ACF700843A9D /* mapa-$.png */ = {isa = PBXFileReference; lastKnownFileType = image.png; path = "mapa-$.png"; sourceTree = "<group>"; };
		F76A11A519C8ACF700843A9D /* mapa-coleta.png */ = {isa = PBXFileReference; lastKnownFileType = image.png; path = "mapa-coleta.png"; sourceTree = "<group>"; };
		F76A11A619C8ACF700843A9D /* mapa-lixopapao.png */ = {isa = PBXFileReference; lastKnownFileType = image.png; path = "mapa-lixopapao.png"; sourceTree = "<group>"; };
		F76A11A819C8ACF700843A9D /* ranking-01.png */ = {isa = PBXFileReference; lastKnownFileType = image.png; path = "ranking-01.png"; sourceTree = "<group>"; };
		F76A11A919C8ACF700843A9D /* ranking-02.png */ = {isa = PBXFileReference; lastKnownFileType = image.png; path = "ranking-02.png"; sourceTree = "<group>"; };
		F76A11AA19C8ACF700843A9D /* ranking-03.png */ = {isa = PBXFileReference; lastKnownFileType = image.png; path = "ranking-03.png"; sourceTree = "<group>"; };
		F76A11AB19C8ACF700843A9D /* ranking-04.png */ = {isa = PBXFileReference; lastKnownFileType = image.png; path = "ranking-04.png"; sourceTree = "<group>"; };
		F76A11AC19C8ACF700843A9D /* ranking-05.png */ = {isa = PBXFileReference; lastKnownFileType = image.png; path = "ranking-05.png"; sourceTree = "<group>"; };
		F76A11AD19C8ACF700843A9D /* ranking-06.png */ = {isa = PBXFileReference; lastKnownFileType = image.png; path = "ranking-06.png"; sourceTree = "<group>"; };
		F76A11AF19C8ACF700843A9D /* botao-amigos.png */ = {isa = PBXFileReference; lastKnownFileType = image.png; path = "botao-amigos.png"; sourceTree = "<group>"; };
		F76A11B019C8ACF700843A9D /* botao-estatistica.png */ = {isa = PBXFileReference; lastKnownFileType = image.png; path = "botao-estatistica.png"; sourceTree = "<group>"; };
		F76A11B119C8ACF700843A9D /* botao-game.png */ = {isa = PBXFileReference; lastKnownFileType = image.png; path = "botao-game.png"; sourceTree = "<group>"; };
		F76A11B319C8ACF700843A9D /* balão.png */ = {isa = PBXFileReference; lastKnownFileType = image.png; path = "balão.png"; sourceTree = "<group>"; };
		F76A11B419C8ACF700843A9D /* redes-01.png */ = {isa = PBXFileReference; lastKnownFileType = image.png; path = "redes-01.png"; sourceTree = "<group>"; };
		F76A11B519C8ACF700843A9D /* redes-02.png */ = {isa = PBXFileReference; lastKnownFileType = image.png; path = "redes-02.png"; sourceTree = "<group>"; };
		F76A11B619C8ACF700843A9D /* redes-03.png */ = {isa = PBXFileReference; lastKnownFileType = image.png; path = "redes-03.png"; sourceTree = "<group>"; };
		F76A11B719C8ACF700843A9D /* redes-04.png */ = {isa = PBXFileReference; lastKnownFileType = image.png; path = "redes-04.png"; sourceTree = "<group>"; };
		F76A11B819C8ACF700843A9D /* redes-05.png */ = {isa = PBXFileReference; lastKnownFileType = image.png; path = "redes-05.png"; sourceTree = "<group>"; };
		F76A11B919C8ACF700843A9D /* redes-06.png */ = {isa = PBXFileReference; lastKnownFileType = image.png; path = "redes-06.png"; sourceTree = "<group>"; };
		F76A11BA19C8ACF700843A9D /* redes-07.png */ = {isa = PBXFileReference; lastKnownFileType = image.png; path = "redes-07.png"; sourceTree = "<group>"; };
		F76A11BB19C8ACF700843A9D /* redes-08.png */ = {isa = PBXFileReference; lastKnownFileType = image.png; path = "redes-08.png"; sourceTree = "<group>"; };
		F76A11BD19C8ACF700843A9D /* exit.png */ = {isa = PBXFileReference; lastKnownFileType = image.png; path = exit.png; sourceTree = "<group>"; };
		F76A11C019C8ACF700843A9D /* recycle_sign-100.png */ = {isa = PBXFileReference; lastKnownFileType = image.png; path = "recycle_sign-100.png"; sourceTree = "<group>"; };
		F76A11C119C8ACF700843A9D /* settings-100.png */ = {isa = PBXFileReference; lastKnownFileType = image.png; path = "settings-100.png"; sourceTree = "<group>"; };
		F76A11C319C8ACF700843A9D /* recycle_sign-128.png */ = {isa = PBXFileReference; lastKnownFileType = image.png; path = "recycle_sign-128.png"; sourceTree = "<group>"; };
		F76A11C419C8ACF700843A9D /* settings-128.png */ = {isa = PBXFileReference; lastKnownFileType = image.png; path = "settings-128.png"; sourceTree = "<group>"; };
		F76A11C619C8ACF700843A9D /* recycle_sign-25.png */ = {isa = PBXFileReference; lastKnownFileType = image.png; path = "recycle_sign-25.png"; sourceTree = "<group>"; };
		F76A11C719C8ACF700843A9D /* settings-25.png */ = {isa = PBXFileReference; lastKnownFileType = image.png; path = "settings-25.png"; sourceTree = "<group>"; };
		F76A11C919C8ACF700843A9D /* recycle_sign-256.png */ = {isa = PBXFileReference; lastKnownFileType = image.png; path = "recycle_sign-256.png"; sourceTree = "<group>"; };
		F76A11CA19C8ACF700843A9D /* settings-256.png */ = {isa = PBXFileReference; lastKnownFileType = image.png; path = "settings-256.png"; sourceTree = "<group>"; };
		F76A11CC19C8ACF700843A9D /* recycle_sign-32.png */ = {isa = PBXFileReference; lastKnownFileType = image.png; path = "recycle_sign-32.png"; sourceTree = "<group>"; };
		F76A11CD19C8ACF700843A9D /* settings-32.png */ = {isa = PBXFileReference; lastKnownFileType = image.png; path = "settings-32.png"; sourceTree = "<group>"; };
		F76A11CF19C8ACF700843A9D /* recycle_sign-50.png */ = {isa = PBXFileReference; lastKnownFileType = image.png; path = "recycle_sign-50.png"; sourceTree = "<group>"; };
		F76A11D019C8ACF700843A9D /* settings-50.png */ = {isa = PBXFileReference; lastKnownFileType = image.png; path = "settings-50.png"; sourceTree = "<group>"; };
		F76A11D219C8ACF700843A9D /* recycle_sign-512.png */ = {isa = PBXFileReference; lastKnownFileType = image.png; path = "recycle_sign-512.png"; sourceTree = "<group>"; };
		F76A11D319C8ACF700843A9D /* settings-512.png */ = {isa = PBXFileReference; lastKnownFileType = image.png; path = "settings-512.png"; sourceTree = "<group>"; };
		F76A11D519C8ACF700843A9D /* recycle_sign-75.png */ = {isa = PBXFileReference; lastKnownFileType = image.png; path = "recycle_sign-75.png"; sourceTree = "<group>"; };
		F76A11D619C8ACF700843A9D /* settings-75.png */ = {isa = PBXFileReference; lastKnownFileType = image.png; path = "settings-75.png"; sourceTree = "<group>"; };
		F76A11D719C8ACF700843A9D /* tutorial.png */ = {isa = PBXFileReference; lastKnownFileType = image.png; path = tutorial.png; sourceTree = "<group>"; };
		F76A11D919C8ACF700843A9D /* fundo.png */ = {isa = PBXFileReference; lastKnownFileType = image.png; path = fundo.png; sourceTree = "<group>"; };
		F76A11DA19C8ACF700843A9D /* tabbar-01.png */ = {isa = PBXFileReference; lastKnownFileType = image.png; path = "tabbar-01.png"; sourceTree = "<group>"; };
		F76A11DB19C8ACF700843A9D /* tabbar-02.png */ = {isa = PBXFileReference; lastKnownFileType = image.png; path = "tabbar-02.png"; sourceTree = "<group>"; };
		F76A11DC19C8ACF700843A9D /* tabbar-03.png */ = {isa = PBXFileReference; lastKnownFileType = image.png; path = "tabbar-03.png"; sourceTree = "<group>"; };
		F76A11DD19C8ACF700843A9D /* tabbar-04.png */ = {isa = PBXFileReference; lastKnownFileType = image.png; path = "tabbar-04.png"; sourceTree = "<group>"; };
		F76A11DE19C8ACF700843A9D /* tabbar-05.png */ = {isa = PBXFileReference; lastKnownFileType = image.png; path = "tabbar-05.png"; sourceTree = "<group>"; };
		F76A11DF19C8ACF700843A9D /* tabbar-06.png */ = {isa = PBXFileReference; lastKnownFileType = image.png; path = "tabbar-06.png"; sourceTree = "<group>"; };
		F76A11E019C8ACF700843A9D /* tabbar-07.png */ = {isa = PBXFileReference; lastKnownFileType = image.png; path = "tabbar-07.png"; sourceTree = "<group>"; };
		F76A11E119C8ACF700843A9D /* tabbar-08.png */ = {isa = PBXFileReference; lastKnownFileType = image.png; path = "tabbar-08.png"; sourceTree = "<group>"; };
		F76A11E219C8ACF700843A9D /* tabbar-09.png */ = {isa = PBXFileReference; lastKnownFileType = image.png; path = "tabbar-09.png"; sourceTree = "<group>"; };
		F76A11E319C8ACF700843A9D /* tabbar-10.png */ = {isa = PBXFileReference; lastKnownFileType = image.png; path = "tabbar-10.png"; sourceTree = "<group>"; };
		F76A11E519C8ACF700843A9D /* 1.png */ = {isa = PBXFileReference; lastKnownFileType = image.png; path = 1.png; sourceTree = "<group>"; };
		F76A11E619C8ACF700843A9D /* 2.png */ = {isa = PBXFileReference; lastKnownFileType = image.png; path = 2.png; sourceTree = "<group>"; };
		F76A11E719C8ACF700843A9D /* 3.png */ = {isa = PBXFileReference; lastKnownFileType = image.png; path = 3.png; sourceTree = "<group>"; };
		F76A11E819C8ACF700843A9D /* 4.png */ = {isa = PBXFileReference; lastKnownFileType = image.png; path = 4.png; sourceTree = "<group>"; };
		F76A11E919C8ACF700843A9D /* 5.png */ = {isa = PBXFileReference; lastKnownFileType = image.png; path = 5.png; sourceTree = "<group>"; };
		F76A11EA19C8ACF700843A9D /* 6.png */ = {isa = PBXFileReference; lastKnownFileType = image.png; path = 6.png; sourceTree = "<group>"; };
		F76A11EB19C8ACF700843A9D /* 7.png */ = {isa = PBXFileReference; lastKnownFileType = image.png; path = 7.png; sourceTree = "<group>"; };
		F76A11EC19C8ACF700843A9D /* 8.png */ = {isa = PBXFileReference; lastKnownFileType = image.png; path = 8.png; sourceTree = "<group>"; };
		F76A11ED19C8ACF700843A9D /* 9.png */ = {isa = PBXFileReference; lastKnownFileType = image.png; path = 9.png; sourceTree = "<group>"; };
		F76A11EF19C8ACF700843A9D /* tinder-01.png */ = {isa = PBXFileReference; lastKnownFileType = image.png; path = "tinder-01.png"; sourceTree = "<group>"; };
		F76A11F019C8ACF700843A9D /* tinder-02.png */ = {isa = PBXFileReference; lastKnownFileType = image.png; path = "tinder-02.png"; sourceTree = "<group>"; };
		F76A11F219C8ACF700843A9D /* USUARIO-01.png */ = {isa = PBXFileReference; lastKnownFileType = image.png; path = "USUARIO-01.png"; sourceTree = "<group>"; };
		F76A11F319C8ACF700843A9D /* USUARIO-02.png */ = {isa = PBXFileReference; lastKnownFileType = image.png; path = "USUARIO-02.png"; sourceTree = "<group>"; };
		F76A11F419C8ACF700843A9D /* USUARIO-03.png */ = {isa = PBXFileReference; lastKnownFileType = image.png; path = "USUARIO-03.png"; sourceTree = "<group>"; };
		F76A11F519C8ACF700843A9D /* Default-568h@2x.png */ = {isa = PBXFileReference; lastKnownFileType = image.png; path = "Default-568h@2x.png"; sourceTree = "<group>"; };
		F76A11F619C8ACF700843A9D /* Default.png */ = {isa = PBXFileReference; lastKnownFileType = image.png; path = Default.png; sourceTree = "<group>"; };
		F76A11F719C8ACF700843A9D /* Default@2x.png */ = {isa = PBXFileReference; lastKnownFileType = image.png; path = "Default@2x.png"; sourceTree = "<group>"; };
		F76A125519C8AD6500843A9D /* MapKit.framework */ = {isa = PBXFileReference; lastKnownFileType = wrapper.framework; name = MapKit.framework; path = System/Library/Frameworks/MapKit.framework; sourceTree = SDKROOT; };
		F76A125719C8AD6E00843A9D /* CoreLocation.framework */ = {isa = PBXFileReference; lastKnownFileType = wrapper.framework; name = CoreLocation.framework; path = System/Library/Frameworks/CoreLocation.framework; sourceTree = SDKROOT; };
		F76A125919C8AD7800843A9D /* CoreFoundation.framework */ = {isa = PBXFileReference; lastKnownFileType = wrapper.framework; name = CoreFoundation.framework; path = System/Library/Frameworks/CoreFoundation.framework; sourceTree = SDKROOT; };
		F76A125B19C8AD7F00843A9D /* CoreBluetooth.framework */ = {isa = PBXFileReference; lastKnownFileType = wrapper.framework; name = CoreBluetooth.framework; path = System/Library/Frameworks/CoreBluetooth.framework; sourceTree = SDKROOT; };
/* End PBXFileReference section */

/* Begin PBXFrameworksBuildPhase section */
		F76A114519C8ACB800843A9D /* Frameworks */ = {
			isa = PBXFrameworksBuildPhase;
			buildActionMask = 2147483647;
			files = (
				F76A125C19C8AD7F00843A9D /* CoreBluetooth.framework in Frameworks */,
				F76A125A19C8AD7800843A9D /* CoreFoundation.framework in Frameworks */,
				F76A114C19C8ACB800843A9D /* Foundation.framework in Frameworks */,
				F76A125819C8AD6E00843A9D /* CoreLocation.framework in Frameworks */,
				F76A125619C8AD6500843A9D /* MapKit.framework in Frameworks */,
				F67ED4FD19C8DC1900B266BD /* FacebookSDK.framework in Frameworks */,
				F76A114E19C8ACB800843A9D /* CoreGraphics.framework in Frameworks */,
				F76A115019C8ACB800843A9D /* UIKit.framework in Frameworks */,
			);
			runOnlyForDeploymentPostprocessing = 0;
		};
		F76A116019C8ACB900843A9D /* Frameworks */ = {
			isa = PBXFrameworksBuildPhase;
			buildActionMask = 2147483647;
			files = (
				F76A116519C8ACB900843A9D /* XCTest.framework in Frameworks */,
				F76A116719C8ACB900843A9D /* UIKit.framework in Frameworks */,
				F76A116619C8ACB900843A9D /* Foundation.framework in Frameworks */,
			);
			runOnlyForDeploymentPostprocessing = 0;
		};
/* End PBXFrameworksBuildPhase section */

/* Begin PBXGroup section */
		F67ED4A519C8B78000B266BD /* Classes */ = {
			isa = PBXGroup;
			children = (
				F67ED4A619C8B78000B266BD /* AYVibrantButton */,
				F67ED4A919C8B78000B266BD /* Bluetooth */,
				F67ED4AE19C8B78000B266BD /* DraggableView.h */,
				F67ED4AF19C8B78000B266BD /* DraggableView.m */,
				F67ED4B019C8B78000B266BD /* M13Checkbox.h */,
				F67ED4B119C8B78000B266BD /* M13Checkbox.m */,
				F67ED4B219C8B78000B266BD /* MyAnnotation.h */,
				F67ED4B319C8B78000B266BD /* MyAnnotation.m */,
				F67ED4B419C8B78000B266BD /* OverlayView.h */,
				F67ED4B519C8B78000B266BD /* OverlayView.m */,
				F67ED4B619C8B78000B266BD /* RankingProvBadges.h */,
				F67ED4B719C8B78000B266BD /* RankingProvBadges.m */,
				F67ED4B819C8B78000B266BD /* RankingProvPontos.h */,
				F67ED4B919C8B78000B266BD /* RankingProvPontos.m */,
				F67ED4BA19C8B78000B266BD /* Reachability.h */,
				F67ED4BB19C8B78000B266BD /* Reachability.m */,
				F67ED4BC19C8B78000B266BD /* Settings */,
				F67ED4CF19C8B78000B266BD /* SVProgressHUD */,
				F67ED4D619C8B78000B266BD /* UITextField-Shake */,
				F67ED4D919C8B78000B266BD /* webService.h */,
				F67ED4DA19C8B78000B266BD /* webService.m */,
				F67ED4DB19C8B78000B266BD /* YLProgressBar */,
			);
			path = Classes;
			sourceTree = "<group>";
		};
		F67ED4A619C8B78000B266BD /* AYVibrantButton */ = {
			isa = PBXGroup;
			children = (
				F67ED4A719C8B78000B266BD /* AYVibrantButton.h */,
				F67ED4A819C8B78000B266BD /* AYVibrantButton.m */,
			);
			path = AYVibrantButton;
			sourceTree = "<group>";
		};
		F67ED4A919C8B78000B266BD /* Bluetooth */ = {
			isa = PBXGroup;
			children = (
				F67ED4AA19C8B78000B266BD /* CNBluetoothCentral.h */,
				F67ED4AB19C8B78000B266BD /* CNBluetoothCentral.m */,
				F67ED4AC19C8B78000B266BD /* CoinBLEDemo-Info.plist */,
				F67ED4AD19C8B78000B266BD /* CoinBLEDemo-Prefix.pch */,
			);
			path = Bluetooth;
			sourceTree = "<group>";
		};
		F67ED4BC19C8B78000B266BD /* Settings */ = {
			isa = PBXGroup;
			children = (
				F67ED4BD19C8B78000B266BD /* JMStaticContentTableViewController */,
				F67ED4C719C8B78000B266BD /* NotificationsViewController.h */,
				F67ED4C819C8B78000B266BD /* NotificationsViewController.m */,
				F67ED4C919C8B78000B266BD /* WifiNetwork.h */,
				F67ED4CA19C8B78000B266BD /* WifiNetwork.m */,
				F67ED4CB19C8B78000B266BD /* WifiNetworkTableViewCell.h */,
				F67ED4CC19C8B78000B266BD /* WifiNetworkTableViewCell.m */,
				F67ED4CD19C8B78000B266BD /* WifiViewController.h */,
				F67ED4CE19C8B78000B266BD /* WifiViewController.m */,
			);
			path = Settings;
			sourceTree = "<group>";
		};
		F67ED4BD19C8B78000B266BD /* JMStaticContentTableViewController */ = {
			isa = PBXGroup;
			children = (
				F67ED4BE19C8B78000B266BD /* JMStaticContentTableViewBlocks.h */,
				F67ED4BF19C8B78000B266BD /* JMStaticContentTableViewCell.h */,
				F67ED4C019C8B78000B266BD /* JMStaticContentTableViewCell.m */,
				F67ED4C119C8B78000B266BD /* JMStaticContentTableViewController.h */,
				F67ED4C219C8B78000B266BD /* JMStaticContentTableViewController.m */,
				F67ED4C319C8B78000B266BD /* JMStaticContentTableViewSection.h */,
				F67ED4C419C8B78000B266BD /* JMStaticContentTableViewSection.m */,
				F67ED4C519C8B78000B266BD /* JMStaticContentTextFieldTableViewCell.h */,
				F67ED4C619C8B78000B266BD /* JMStaticContentTextFieldTableViewCell.m */,
			);
			path = JMStaticContentTableViewController;
			sourceTree = "<group>";
		};
		F67ED4CF19C8B78000B266BD /* SVProgressHUD */ = {
			isa = PBXGroup;
			children = (
				F67ED4D019C8B78000B266BD /* SVProgressHUD-Prefix.pch */,
				F67ED4D119C8B78000B266BD /* SVProgressHUD.bundle */,
				F67ED4D219C8B78000B266BD /* SVProgressHUD.h */,
				F67ED4D319C8B78000B266BD /* SVProgressHUD.m */,
			);
			path = SVProgressHUD;
			sourceTree = "<group>";
		};
		F67ED4D619C8B78000B266BD /* UITextField-Shake */ = {
			isa = PBXGroup;
			children = (
				F67ED4D719C8B78000B266BD /* UITextField+Shake.h */,
				F67ED4D819C8B78000B266BD /* UITextField+Shake.m */,
			);
			path = "UITextField-Shake";
			sourceTree = "<group>";
		};
		F67ED4DB19C8B78000B266BD /* YLProgressBar */ = {
			isa = PBXGroup;
			children = (
				F67ED4DC19C8B78000B266BD /* YLProgressBar.h */,
				F67ED4DD19C8B78000B266BD /* YLProgressBar.m */,
			);
			path = YLProgressBar;
			sourceTree = "<group>";
		};
		F76A113F19C8ACB800843A9D = {
			isa = PBXGroup;
			children = (
				F76A115119C8ACB800843A9D /* Lixo-Mestre */,
				F76A116A19C8ACB900843A9D /* Lixo-MestreTests */,
				F76A114A19C8ACB800843A9D /* Frameworks */,
				F76A114919C8ACB800843A9D /* Products */,
			);
			sourceTree = "<group>";
		};
		F76A114919C8ACB800843A9D /* Products */ = {
			isa = PBXGroup;
			children = (
				F76A114819C8ACB800843A9D /* Lixo-Mestre.app */,
				F76A116319C8ACB900843A9D /* Lixo-MestreTests.xctest */,
			);
			name = Products;
			sourceTree = "<group>";
		};
		F76A114A19C8ACB800843A9D /* Frameworks */ = {
			isa = PBXGroup;
			children = (
				F67ED4FC19C8DC1900B266BD /* FacebookSDK.framework */,
				F76A125B19C8AD7F00843A9D /* CoreBluetooth.framework */,
				F76A125919C8AD7800843A9D /* CoreFoundation.framework */,
				F76A125719C8AD6E00843A9D /* CoreLocation.framework */,
				F76A125519C8AD6500843A9D /* MapKit.framework */,
				F76A114B19C8ACB800843A9D /* Foundation.framework */,
				F76A114D19C8ACB800843A9D /* CoreGraphics.framework */,
				F76A114F19C8ACB800843A9D /* UIKit.framework */,
				F76A116419C8ACB900843A9D /* XCTest.framework */,
			);
			name = Frameworks;
			sourceTree = "<group>";
		};
		F76A115119C8ACB800843A9D /* Lixo-Mestre */ = {
			isa = PBXGroup;
			children = (
				F67ED4A519C8B78000B266BD /* Classes */,
				F76A117B19C8ACF700843A9D /* Controllers */,
				F76A118C19C8ACF700843A9D /* Recursos */,
				F76A117A19C8ACF700843A9D /* LixoPapao.storyboard */,
				F76A11F519C8ACF700843A9D /* Default-568h@2x.png */,
				F76A11F619C8ACF700843A9D /* Default.png */,
				F76A11F719C8ACF700843A9D /* Default@2x.png */,
				F76A115A19C8ACB800843A9D /* AppDelegate.h */,
				F76A115B19C8ACB800843A9D /* AppDelegate.m */,
				F76A115D19C8ACB800843A9D /* Images.xcassets */,
				F76A115219C8ACB800843A9D /* Supporting Files */,
			);
			path = "Lixo-Mestre";
			sourceTree = "<group>";
		};
		F76A115219C8ACB800843A9D /* Supporting Files */ = {
			isa = PBXGroup;
			children = (
				F76A115319C8ACB800843A9D /* Lixo-Mestre-Info.plist */,
				F76A115419C8ACB800843A9D /* InfoPlist.strings */,
				F76A115719C8ACB800843A9D /* main.m */,
				F76A115919C8ACB800843A9D /* Lixo-Mestre-Prefix.pch */,
			);
			name = "Supporting Files";
			sourceTree = "<group>";
		};
		F76A116A19C8ACB900843A9D /* Lixo-MestreTests */ = {
			isa = PBXGroup;
			children = (
				F76A117019C8ACB900843A9D /* Lixo_MestreTests.m */,
				F76A116B19C8ACB900843A9D /* Supporting Files */,
			);
			path = "Lixo-MestreTests";
			sourceTree = "<group>";
		};
		F76A116B19C8ACB900843A9D /* Supporting Files */ = {
			isa = PBXGroup;
			children = (
				F76A116C19C8ACB900843A9D /* Lixo-MestreTests-Info.plist */,
				F76A116D19C8ACB900843A9D /* InfoPlist.strings */,
			);
			name = "Supporting Files";
			sourceTree = "<group>";
		};
		F76A117B19C8ACF700843A9D /* Controllers */ = {
			isa = PBXGroup;
			children = (
				F76A117C19C8ACF700843A9D /* BluetoothVC.h */,
				F76A117D19C8ACF700843A9D /* BluetoothVC.m */,
				F76A117E19C8ACF700843A9D /* LoginVC.h */,
				F76A117F19C8ACF700843A9D /* LoginVC.m */,
				F76A118019C8ACF700843A9D /* MainContainerViewController.h */,
				F76A118119C8ACF700843A9D /* MainContainerViewController.m */,
				F76A118219C8ACF700843A9D /* MapaVC.h */,
				F76A118319C8ACF700843A9D /* MapaVC.m */,
				F76A118419C8ACF700843A9D /* MenuViewController.h */,
				F76A118519C8ACF700843A9D /* MenuViewController.m */,
				F76A118619C8ACF700843A9D /* RankingVC.h */,
				F76A118719C8ACF700843A9D /* RankingVC.m */,
				F76A118819C8ACF700843A9D /* TabGeralVC.h */,
				F76A118919C8ACF700843A9D /* TabGeralVC.m */,
				F76A118A19C8ACF700843A9D /* TinderVC.h */,
				F76A118B19C8ACF700843A9D /* TinderVC.m */,
			);
			path = Controllers;
			sourceTree = "<group>";
		};
		F76A118C19C8ACF700843A9D /* Recursos */ = {
			isa = PBXGroup;
			children = (
				F76A118D19C8ACF700843A9D /* Images */,
			);
			path = Recursos;
			sourceTree = "<group>";
		};
		F76A118D19C8ACF700843A9D /* Images */ = {
			isa = PBXGroup;
			children = (
				F76A118E19C8ACF700843A9D /* Bixos Papões */,
				F76A119219C8ACF700843A9D /* Conectividade */,
				F76A119A19C8ACF700843A9D /* Jogos */,
				F76A119D19C8ACF700843A9D /* lixos */,
				F76A11A319C8ACF700843A9D /* pinos mapa */,
				F76A11A719C8ACF700843A9D /* Ranking */,
				F76A11AE19C8ACF700843A9D /* RankingVC */,
				F76A11B219C8ACF700843A9D /* redes sociais */,
				F76A11BC19C8ACF700843A9D /* settings */,
				F76A11D819C8ACF700843A9D /* tabbar */,
				F76A11E419C8ACF700843A9D /* Telas */,
				F76A11EE19C8ACF700843A9D /* tinder */,
				F76A11F119C8ACF700843A9D /* usuario */,
			);
			path = Images;
			sourceTree = "<group>";
		};
		F76A118E19C8ACF700843A9D /* Bixos Papões */ = {
			isa = PBXGroup;
			children = (
				F76A118F19C8ACF700843A9D /* bixos papoes-01.png */,
				F76A119019C8ACF700843A9D /* bixos papoes-02.png */,
				F76A119119C8ACF700843A9D /* bixos papoes-03.png */,
			);
			path = "Bixos Papões";
			sourceTree = "<group>";
		};
		F76A119219C8ACF700843A9D /* Conectividade */ = {
			isa = PBXGroup;
			children = (
				F76A119319C8ACF700843A9D /* conectividade-01.png */,
				F76A119419C8ACF700843A9D /* conectividade-01.xcf */,
				F76A119519C8ACF700843A9D /* conectividade-02.png */,
				F76A119619C8ACF700843A9D /* conectividade-02.xcf */,
				F76A119719C8ACF700843A9D /* conectividade-03.png */,
				F76A119819C8ACF700843A9D /* conectividade-03.xcf */,
				F76A119919C8ACF700843A9D /* conectividade-04.png */,
			);
			path = Conectividade;
			sourceTree = "<group>";
		};
		F76A119A19C8ACF700843A9D /* Jogos */ = {
			isa = PBXGroup;
			children = (
				F76A119B19C8ACF700843A9D /* JOGOS-01.png */,
				F76A119C19C8ACF700843A9D /* JOGOS-02.png */,
			);
			path = Jogos;
			sourceTree = "<group>";
		};
		F76A119D19C8ACF700843A9D /* lixos */ = {
			isa = PBXGroup;
			children = (
				F76A119E19C8ACF700843A9D /* ezequiel.png */,
				F76A119F19C8ACF700843A9D /* gabriel.png */,
				F76A11A019C8ACF700843A9D /* joao.png */,
				F76A11A119C8ACF700843A9D /* logoo.png */,
				F76A11A219C8ACF700843A9D /* pedro.png */,
			);
			path = lixos;
			sourceTree = "<group>";
		};
		F76A11A319C8ACF700843A9D /* pinos mapa */ = {
			isa = PBXGroup;
			children = (
				F67ED4F619C8CA2800B266BD /* mapa-melhorlixopapao.png */,
				F67ED4F719C8CA2800B266BD /* mapa-melhorcoleta.png */,
				F67ED4F819C8CA2800B266BD /* mapa-melhor$.png */,
				F76A11A419C8ACF700843A9D /* mapa-$.png */,
				F76A11A519C8ACF700843A9D /* mapa-coleta.png */,
				F76A11A619C8ACF700843A9D /* mapa-lixopapao.png */,
			);
			path = "pinos mapa";
			sourceTree = "<group>";
		};
		F76A11A719C8ACF700843A9D /* Ranking */ = {
			isa = PBXGroup;
			children = (
				F76A11A819C8ACF700843A9D /* ranking-01.png */,
				F76A11A919C8ACF700843A9D /* ranking-02.png */,
				F76A11AA19C8ACF700843A9D /* ranking-03.png */,
				F76A11AB19C8ACF700843A9D /* ranking-04.png */,
				F76A11AC19C8ACF700843A9D /* ranking-05.png */,
				F76A11AD19C8ACF700843A9D /* ranking-06.png */,
			);
			path = Ranking;
			sourceTree = "<group>";
		};
		F76A11AE19C8ACF700843A9D /* RankingVC */ = {
			isa = PBXGroup;
			children = (
				F76A11AF19C8ACF700843A9D /* botao-amigos.png */,
				F76A11B019C8ACF700843A9D /* botao-estatistica.png */,
				F76A11B119C8ACF700843A9D /* botao-game.png */,
			);
			path = RankingVC;
			sourceTree = "<group>";
		};
		F76A11B219C8ACF700843A9D /* redes sociais */ = {
			isa = PBXGroup;
			children = (
				F76A11B319C8ACF700843A9D /* balão.png */,
				F76A11B419C8ACF700843A9D /* redes-01.png */,
				F76A11B519C8ACF700843A9D /* redes-02.png */,
				F76A11B619C8ACF700843A9D /* redes-03.png */,
				F76A11B719C8ACF700843A9D /* redes-04.png */,
				F76A11B819C8ACF700843A9D /* redes-05.png */,
				F76A11B919C8ACF700843A9D /* redes-06.png */,
				F76A11BA19C8ACF700843A9D /* redes-07.png */,
				F76A11BB19C8ACF700843A9D /* redes-08.png */,
			);
			path = "redes sociais";
			sourceTree = "<group>";
		};
		F76A11BC19C8ACF700843A9D /* settings */ = {
			isa = PBXGroup;
			children = (
				F76A11BD19C8ACF700843A9D /* exit.png */,
				F76A11BE19C8ACF700843A9D /* PNG */,
				F76A11D719C8ACF700843A9D /* tutorial.png */,
			);
			path = settings;
			sourceTree = "<group>";
		};
		F76A11BE19C8ACF700843A9D /* PNG */ = {
			isa = PBXGroup;
			children = (
				F76A11BF19C8ACF700843A9D /* 100 */,
				F76A11C219C8ACF700843A9D /* 128 */,
				F76A11C519C8ACF700843A9D /* 25 */,
				F76A11C819C8ACF700843A9D /* 256 */,
				F76A11CB19C8ACF700843A9D /* 32 */,
				F76A11CE19C8ACF700843A9D /* 50 */,
				F76A11D119C8ACF700843A9D /* 512 */,
				F76A11D419C8ACF700843A9D /* 75 */,
			);
			path = PNG;
			sourceTree = "<group>";
		};
		F76A11BF19C8ACF700843A9D /* 100 */ = {
			isa = PBXGroup;
			children = (
				F76A11C019C8ACF700843A9D /* recycle_sign-100.png */,
				F76A11C119C8ACF700843A9D /* settings-100.png */,
			);
			path = 100;
			sourceTree = "<group>";
		};
		F76A11C219C8ACF700843A9D /* 128 */ = {
			isa = PBXGroup;
			children = (
				F76A11C319C8ACF700843A9D /* recycle_sign-128.png */,
				F76A11C419C8ACF700843A9D /* settings-128.png */,
			);
			path = 128;
			sourceTree = "<group>";
		};
		F76A11C519C8ACF700843A9D /* 25 */ = {
			isa = PBXGroup;
			children = (
				F76A11C619C8ACF700843A9D /* recycle_sign-25.png */,
				F76A11C719C8ACF700843A9D /* settings-25.png */,
			);
			path = 25;
			sourceTree = "<group>";
		};
		F76A11C819C8ACF700843A9D /* 256 */ = {
			isa = PBXGroup;
			children = (
				F76A11C919C8ACF700843A9D /* recycle_sign-256.png */,
				F76A11CA19C8ACF700843A9D /* settings-256.png */,
			);
			path = 256;
			sourceTree = "<group>";
		};
		F76A11CB19C8ACF700843A9D /* 32 */ = {
			isa = PBXGroup;
			children = (
				F76A11CC19C8ACF700843A9D /* recycle_sign-32.png */,
				F76A11CD19C8ACF700843A9D /* settings-32.png */,
			);
			path = 32;
			sourceTree = "<group>";
		};
		F76A11CE19C8ACF700843A9D /* 50 */ = {
			isa = PBXGroup;
			children = (
				F76A11CF19C8ACF700843A9D /* recycle_sign-50.png */,
				F76A11D019C8ACF700843A9D /* settings-50.png */,
			);
			path = 50;
			sourceTree = "<group>";
		};
		F76A11D119C8ACF700843A9D /* 512 */ = {
			isa = PBXGroup;
			children = (
				F76A11D219C8ACF700843A9D /* recycle_sign-512.png */,
				F76A11D319C8ACF700843A9D /* settings-512.png */,
			);
			path = 512;
			sourceTree = "<group>";
		};
		F76A11D419C8ACF700843A9D /* 75 */ = {
			isa = PBXGroup;
			children = (
				F76A11D519C8ACF700843A9D /* recycle_sign-75.png */,
				F76A11D619C8ACF700843A9D /* settings-75.png */,
			);
			path = 75;
			sourceTree = "<group>";
		};
		F76A11D819C8ACF700843A9D /* tabbar */ = {
			isa = PBXGroup;
			children = (
				F76A11D919C8ACF700843A9D /* fundo.png */,
				F76A11DA19C8ACF700843A9D /* tabbar-01.png */,
				F76A11DB19C8ACF700843A9D /* tabbar-02.png */,
				F76A11DC19C8ACF700843A9D /* tabbar-03.png */,
				F76A11DD19C8ACF700843A9D /* tabbar-04.png */,
				F76A11DE19C8ACF700843A9D /* tabbar-05.png */,
				F76A11DF19C8ACF700843A9D /* tabbar-06.png */,
				F76A11E019C8ACF700843A9D /* tabbar-07.png */,
				F76A11E119C8ACF700843A9D /* tabbar-08.png */,
				F76A11E219C8ACF700843A9D /* tabbar-09.png */,
				F76A11E319C8ACF700843A9D /* tabbar-10.png */,
			);
			path = tabbar;
			sourceTree = "<group>";
		};
		F76A11E419C8ACF700843A9D /* Telas */ = {
			isa = PBXGroup;
			children = (
				F76A11E519C8ACF700843A9D /* 1.png */,
				F76A11E619C8ACF700843A9D /* 2.png */,
				F76A11E719C8ACF700843A9D /* 3.png */,
				F76A11E819C8ACF700843A9D /* 4.png */,
				F76A11E919C8ACF700843A9D /* 5.png */,
				F76A11EA19C8ACF700843A9D /* 6.png */,
				F76A11EB19C8ACF700843A9D /* 7.png */,
				F76A11EC19C8ACF700843A9D /* 8.png */,
				F76A11ED19C8ACF700843A9D /* 9.png */,
			);
			path = Telas;
			sourceTree = "<group>";
		};
		F76A11EE19C8ACF700843A9D /* tinder */ = {
			isa = PBXGroup;
			children = (
				F76A11EF19C8ACF700843A9D /* tinder-01.png */,
				F76A11F019C8ACF700843A9D /* tinder-02.png */,
			);
			path = tinder;
			sourceTree = "<group>";
		};
		F76A11F119C8ACF700843A9D /* usuario */ = {
			isa = PBXGroup;
			children = (
				F76A11F219C8ACF700843A9D /* USUARIO-01.png */,
				F76A11F319C8ACF700843A9D /* USUARIO-02.png */,
				F76A11F419C8ACF700843A9D /* USUARIO-03.png */,
			);
			path = usuario;
			sourceTree = "<group>";
		};
/* End PBXGroup section */

/* Begin PBXNativeTarget section */
		F76A114719C8ACB800843A9D /* Lixo-Mestre */ = {
			isa = PBXNativeTarget;
			buildConfigurationList = F76A117419C8ACB900843A9D /* Build configuration list for PBXNativeTarget "Lixo-Mestre" */;
			buildPhases = (
				F76A114419C8ACB800843A9D /* Sources */,
				F76A114519C8ACB800843A9D /* Frameworks */,
				F76A114619C8ACB800843A9D /* Resources */,
			);
			buildRules = (
			);
			dependencies = (
			);
			name = "Lixo-Mestre";
			productName = "Lixo-Mestre";
			productReference = F76A114819C8ACB800843A9D /* Lixo-Mestre.app */;
			productType = "com.apple.product-type.application";
		};
		F76A116219C8ACB900843A9D /* Lixo-MestreTests */ = {
			isa = PBXNativeTarget;
			buildConfigurationList = F76A117719C8ACB900843A9D /* Build configuration list for PBXNativeTarget "Lixo-MestreTests" */;
			buildPhases = (
				F76A115F19C8ACB900843A9D /* Sources */,
				F76A116019C8ACB900843A9D /* Frameworks */,
				F76A116119C8ACB900843A9D /* Resources */,
			);
			buildRules = (
			);
			dependencies = (
				F76A116919C8ACB900843A9D /* PBXTargetDependency */,
			);
			name = "Lixo-MestreTests";
			productName = "Lixo-MestreTests";
			productReference = F76A116319C8ACB900843A9D /* Lixo-MestreTests.xctest */;
			productType = "com.apple.product-type.bundle.unit-test";
		};
/* End PBXNativeTarget section */

/* Begin PBXProject section */
		F76A114019C8ACB800843A9D /* Project object */ = {
			isa = PBXProject;
			attributes = {
				LastUpgradeCheck = 0510;
				ORGANIZATIONNAME = "Ezequiel Franca dos Santos";
				TargetAttributes = {
					F76A116219C8ACB900843A9D = {
						TestTargetID = F76A114719C8ACB800843A9D;
					};
				};
			};
			buildConfigurationList = F76A114319C8ACB800843A9D /* Build configuration list for PBXProject "Lixo-Mestre" */;
			compatibilityVersion = "Xcode 3.2";
			developmentRegion = English;
			hasScannedForEncodings = 0;
			knownRegions = (
				en,
			);
			mainGroup = F76A113F19C8ACB800843A9D;
			productRefGroup = F76A114919C8ACB800843A9D /* Products */;
			projectDirPath = "";
			projectRoot = "";
			targets = (
				F76A114719C8ACB800843A9D /* Lixo-Mestre */,
				F76A116219C8ACB900843A9D /* Lixo-MestreTests */,
			);
		};
/* End PBXProject section */

/* Begin PBXResourcesBuildPhase section */
		F76A114619C8ACB800843A9D /* Resources */ = {
			isa = PBXResourcesBuildPhase;
			buildActionMask = 2147483647;
			files = (
				F76A123719C8ACF700843A9D /* settings-75.png in Resources */,
				F67ED4FA19C8CA2800B266BD /* mapa-melhorcoleta.png in Resources */,
				F76A124E19C8ACF700843A9D /* tinder-02.png in Resources */,
				F76A123B19C8ACF700843A9D /* tabbar-02.png in Resources */,
				F76A125019C8ACF700843A9D /* USUARIO-02.png in Resources */,
				F76A122B19C8ACF700843A9D /* settings-128.png in Resources */,
				F76A120719C8ACF700843A9D /* conectividade-02.xcf in Resources */,
				F76A122219C8ACF700843A9D /* redes-04.png in Resources */,
				F76A120A19C8ACF700843A9D /* conectividade-04.png in Resources */,
				F76A125219C8ACF700843A9D /* Default-568h@2x.png in Resources */,
				F76A121119C8ACF700843A9D /* pedro.png in Resources */,
				F76A120F19C8ACF700843A9D /* joao.png in Resources */,
				F76A122719C8ACF700843A9D /* exit.png in Resources */,
				F76A124119C8ACF700843A9D /* tabbar-08.png in Resources */,
				F76A124919C8ACF700843A9D /* 6.png in Resources */,
				F76A124319C8ACF700843A9D /* tabbar-10.png in Resources */,
				F76A123919C8ACF700843A9D /* fundo.png in Resources */,
				F76A120E19C8ACF700843A9D /* gabriel.png in Resources */,
				F76A121619C8ACF700843A9D /* ranking-02.png in Resources */,
				F76A125119C8ACF700843A9D /* USUARIO-03.png in Resources */,
				F76A120919C8ACF700843A9D /* conectividade-03.xcf in Resources */,
				F76A122F19C8ACF700843A9D /* settings-256.png in Resources */,
				F76A122619C8ACF700843A9D /* redes-08.png in Resources */,
				F76A120D19C8ACF700843A9D /* ezequiel.png in Resources */,
				F76A121A19C8ACF700843A9D /* ranking-06.png in Resources */,
				F76A122819C8ACF700843A9D /* recycle_sign-100.png in Resources */,
				F76A121019C8ACF700843A9D /* logoo.png in Resources */,
				F76A123219C8ACF700843A9D /* recycle_sign-50.png in Resources */,
				F76A122E19C8ACF700843A9D /* recycle_sign-256.png in Resources */,
				F76A124419C8ACF700843A9D /* 1.png in Resources */,
				F76A125319C8ACF700843A9D /* Default.png in Resources */,
				F76A123F19C8ACF700843A9D /* tabbar-06.png in Resources */,
				F76A121319C8ACF700843A9D /* mapa-coleta.png in Resources */,
				F76A115619C8ACB800843A9D /* InfoPlist.strings in Resources */,
				F76A122C19C8ACF700843A9D /* recycle_sign-25.png in Resources */,
				F76A120819C8ACF700843A9D /* conectividade-03.png in Resources */,
				F76A123119C8ACF700843A9D /* settings-32.png in Resources */,
				F76A120619C8ACF700843A9D /* conectividade-02.png in Resources */,
				F76A124C19C8ACF700843A9D /* 9.png in Resources */,
				F76A121919C8ACF700843A9D /* ranking-05.png in Resources */,
				F76A121419C8ACF700843A9D /* mapa-lixopapao.png in Resources */,
				F76A120119C8ACF700843A9D /* bixos papoes-01.png in Resources */,
				F76A124D19C8ACF700843A9D /* tinder-01.png in Resources */,
				F67ED4E019C8B78000B266BD /* CoinBLEDemo-Info.plist in Resources */,
				F76A123C19C8ACF700843A9D /* tabbar-03.png in Resources */,
				F76A124619C8ACF700843A9D /* 3.png in Resources */,
				F76A124819C8ACF700843A9D /* 5.png in Resources */,
				F76A122D19C8ACF700843A9D /* settings-25.png in Resources */,
				F76A122A19C8ACF700843A9D /* recycle_sign-128.png in Resources */,
				F76A122319C8ACF700843A9D /* redes-05.png in Resources */,
				F76A121C19C8ACF700843A9D /* botao-estatistica.png in Resources */,
				F76A123E19C8ACF700843A9D /* tabbar-05.png in Resources */,
				F76A121F19C8ACF700843A9D /* redes-01.png in Resources */,
				F76A120B19C8ACF700843A9D /* JOGOS-01.png in Resources */,
				F76A124519C8ACF700843A9D /* 2.png in Resources */,
				F76A124019C8ACF700843A9D /* tabbar-07.png in Resources */,
				F76A123519C8ACF700843A9D /* settings-512.png in Resources */,
				F76A124B19C8ACF700843A9D /* 8.png in Resources */,
				F76A124219C8ACF700843A9D /* tabbar-09.png in Resources */,
				F76A122519C8ACF700843A9D /* redes-07.png in Resources */,
				F76A115E19C8ACB800843A9D /* Images.xcassets in Resources */,
				F76A123619C8ACF700843A9D /* recycle_sign-75.png in Resources */,
				F76A120519C8ACF700843A9D /* conectividade-01.xcf in Resources */,
				F76A121519C8ACF700843A9D /* ranking-01.png in Resources */,
				F76A121E19C8ACF700843A9D /* balão.png in Resources */,
				F76A121B19C8ACF700843A9D /* botao-amigos.png in Resources */,
				F76A120C19C8ACF700843A9D /* JOGOS-02.png in Resources */,
				F76A121819C8ACF700843A9D /* ranking-04.png in Resources */,
				F76A123A19C8ACF700843A9D /* tabbar-01.png in Resources */,
				F76A122019C8ACF700843A9D /* redes-02.png in Resources */,
				F67ED4F919C8CA2800B266BD /* mapa-melhorlixopapao.png in Resources */,
				F76A122919C8ACF700843A9D /* settings-100.png in Resources */,
				F76A120419C8ACF700843A9D /* conectividade-01.png in Resources */,
				F76A123819C8ACF700843A9D /* tutorial.png in Resources */,
				F76A11F819C8ACF700843A9D /* LixoPapao.storyboard in Resources */,
				F76A122119C8ACF700843A9D /* redes-03.png in Resources */,
				F76A121219C8ACF700843A9D /* mapa-$.png in Resources */,
				F76A124A19C8ACF700843A9D /* 7.png in Resources */,
				F67ED4FB19C8CA2800B266BD /* mapa-melhor$.png in Resources */,
				F76A124F19C8ACF700843A9D /* USUARIO-01.png in Resources */,
				F76A123019C8ACF700843A9D /* recycle_sign-32.png in Resources */,
				F67ED4F019C8B78000B266BD /* SVProgressHUD.bundle in Resources */,
				F76A120219C8ACF700843A9D /* bixos papoes-02.png in Resources */,
				F76A124719C8ACF700843A9D /* 4.png in Resources */,
				F76A121D19C8ACF700843A9D /* botao-game.png in Resources */,
				F76A123419C8ACF700843A9D /* recycle_sign-512.png in Resources */,
				F76A122419C8ACF700843A9D /* redes-06.png in Resources */,
				F76A120319C8ACF700843A9D /* bixos papoes-03.png in Resources */,
				F76A123D19C8ACF700843A9D /* tabbar-04.png in Resources */,
				F76A125419C8ACF700843A9D /* Default@2x.png in Resources */,
				F76A121719C8ACF700843A9D /* ranking-03.png in Resources */,
				F76A123319C8ACF700843A9D /* settings-50.png in Resources */,
			);
			runOnlyForDeploymentPostprocessing = 0;
		};
		F76A116119C8ACB900843A9D /* Resources */ = {
			isa = PBXResourcesBuildPhase;
			buildActionMask = 2147483647;
			files = (
				F76A116F19C8ACB900843A9D /* InfoPlist.strings in Resources */,
			);
			runOnlyForDeploymentPostprocessing = 0;
		};
/* End PBXResourcesBuildPhase section */

/* Begin PBXSourcesBuildPhase section */
		F76A114419C8ACB800843A9D /* Sources */ = {
			isa = PBXSourcesBuildPhase;
			buildActionMask = 2147483647;
			files = (
				F67ED4E119C8B78000B266BD /* DraggableView.m in Sources */,
				F76A115C19C8ACB800843A9D /* AppDelegate.m in Sources */,
				F67ED4EF19C8B78000B266BD /* WifiViewController.m in Sources */,
				F67ED4E519C8B78000B266BD /* RankingProvBadges.m in Sources */,
				F76A11FE19C8ACF700843A9D /* RankingVC.m in Sources */,
				F67ED4E919C8B78000B266BD /* JMStaticContentTableViewController.m in Sources */,
				F67ED4E619C8B78000B266BD /* RankingProvPontos.m in Sources */,
				F67ED4EB19C8B78000B266BD /* JMStaticContentTextFieldTableViewCell.m in Sources */,
				F76A120019C8ACF700843A9D /* TinderVC.m in Sources */,
				F76A115819C8ACB800843A9D /* main.m in Sources */,
				F67ED4E419C8B78000B266BD /* OverlayView.m in Sources */,
				F76A11FA19C8ACF700843A9D /* LoginVC.m in Sources */,
				F67ED4EA19C8B78000B266BD /* JMStaticContentTableViewSection.m in Sources */,
				F76A11FC19C8ACF700843A9D /* MapaVC.m in Sources */,
				F67ED4F319C8B78000B266BD /* UITextField+Shake.m in Sources */,
				F67ED4F419C8B78000B266BD /* webService.m in Sources */,
				F67ED4E719C8B78000B266BD /* Reachability.m in Sources */,
				F76A11FD19C8ACF700843A9D /* MenuViewController.m in Sources */,
				F76A11F919C8ACF700843A9D /* BluetoothVC.m in Sources */,
				F67ED4F119C8B78000B266BD /* SVProgressHUD.m in Sources */,
				F67ED4DE19C8B78000B266BD /* AYVibrantButton.m in Sources */,
				F67ED4ED19C8B78000B266BD /* WifiNetwork.m in Sources */,
				F67ED4EC19C8B78000B266BD /* NotificationsViewController.m in Sources */,
				F76A11FF19C8ACF700843A9D /* TabGeralVC.m in Sources */,
				F67ED4F519C8B78000B266BD /* YLProgressBar.m in Sources */,
				F67ED4E319C8B78000B266BD /* MyAnnotation.m in Sources */,
				F76A11FB19C8ACF700843A9D /* MainContainerViewController.m in Sources */,
				F67ED4E219C8B78000B266BD /* M13Checkbox.m in Sources */,
				F67ED4EE19C8B78000B266BD /* WifiNetworkTableViewCell.m in Sources */,
				F67ED4E819C8B78000B266BD /* JMStaticContentTableViewCell.m in Sources */,
				F67ED4DF19C8B78000B266BD /* CNBluetoothCentral.m in Sources */,
			);
			runOnlyForDeploymentPostprocessing = 0;
		};
		F76A115F19C8ACB900843A9D /* Sources */ = {
			isa = PBXSourcesBuildPhase;
			buildActionMask = 2147483647;
			files = (
				F76A117119C8ACB900843A9D /* Lixo_MestreTests.m in Sources */,
			);
			runOnlyForDeploymentPostprocessing = 0;
		};
/* End PBXSourcesBuildPhase section */

/* Begin PBXTargetDependency section */
		F76A116919C8ACB900843A9D /* PBXTargetDependency */ = {
			isa = PBXTargetDependency;
			target = F76A114719C8ACB800843A9D /* Lixo-Mestre */;
			targetProxy = F76A116819C8ACB900843A9D /* PBXContainerItemProxy */;
		};
/* End PBXTargetDependency section */

/* Begin PBXVariantGroup section */
		F76A115419C8ACB800843A9D /* InfoPlist.strings */ = {
			isa = PBXVariantGroup;
			children = (
				F76A115519C8ACB800843A9D /* en */,
			);
			name = InfoPlist.strings;
			sourceTree = "<group>";
		};
		F76A116D19C8ACB900843A9D /* InfoPlist.strings */ = {
			isa = PBXVariantGroup;
			children = (
				F76A116E19C8ACB900843A9D /* en */,
			);
			name = InfoPlist.strings;
			sourceTree = "<group>";
		};
/* End PBXVariantGroup section */

/* Begin XCBuildConfiguration section */
		F76A117219C8ACB900843A9D /* Debug */ = {
			isa = XCBuildConfiguration;
			buildSettings = {
				ALWAYS_SEARCH_USER_PATHS = NO;
				CLANG_CXX_LANGUAGE_STANDARD = "gnu++0x";
				CLANG_CXX_LIBRARY = "libc++";
				CLANG_ENABLE_MODULES = YES;
				CLANG_ENABLE_OBJC_ARC = YES;
				CLANG_WARN_BOOL_CONVERSION = YES;
				CLANG_WARN_CONSTANT_CONVERSION = YES;
				CLANG_WARN_DIRECT_OBJC_ISA_USAGE = YES_ERROR;
				CLANG_WARN_EMPTY_BODY = YES;
				CLANG_WARN_ENUM_CONVERSION = YES;
				CLANG_WARN_INT_CONVERSION = YES;
				CLANG_WARN_OBJC_ROOT_CLASS = YES_ERROR;
				CLANG_WARN__DUPLICATE_METHOD_MATCH = YES;
				"CODE_SIGN_IDENTITY[sdk=iphoneos*]" = "iPhone Developer";
				COPY_PHASE_STRIP = NO;
				GCC_C_LANGUAGE_STANDARD = gnu99;
				GCC_DYNAMIC_NO_PIC = NO;
				GCC_OPTIMIZATION_LEVEL = 0;
				GCC_PREPROCESSOR_DEFINITIONS = (
					"DEBUG=1",
					"$(inherited)",
				);
				GCC_SYMBOLS_PRIVATE_EXTERN = NO;
				GCC_WARN_64_TO_32_BIT_CONVERSION = YES;
				GCC_WARN_ABOUT_RETURN_TYPE = YES_ERROR;
				GCC_WARN_UNDECLARED_SELECTOR = YES;
				GCC_WARN_UNINITIALIZED_AUTOS = YES_AGGRESSIVE;
				GCC_WARN_UNUSED_FUNCTION = YES;
				GCC_WARN_UNUSED_VARIABLE = YES;
				IPHONEOS_DEPLOYMENT_TARGET = 7.1;
				ONLY_ACTIVE_ARCH = YES;
				SDKROOT = iphoneos;
			};
			name = Debug;
		};
		F76A117319C8ACB900843A9D /* Release */ = {
			isa = XCBuildConfiguration;
			buildSettings = {
				ALWAYS_SEARCH_USER_PATHS = NO;
				CLANG_CXX_LANGUAGE_STANDARD = "gnu++0x";
				CLANG_CXX_LIBRARY = "libc++";
				CLANG_ENABLE_MODULES = YES;
				CLANG_ENABLE_OBJC_ARC = YES;
				CLANG_WARN_BOOL_CONVERSION = YES;
				CLANG_WARN_CONSTANT_CONVERSION = YES;
				CLANG_WARN_DIRECT_OBJC_ISA_USAGE = YES_ERROR;
				CLANG_WARN_EMPTY_BODY = YES;
				CLANG_WARN_ENUM_CONVERSION = YES;
				CLANG_WARN_INT_CONVERSION = YES;
				CLANG_WARN_OBJC_ROOT_CLASS = YES_ERROR;
				CLANG_WARN__DUPLICATE_METHOD_MATCH = YES;
				"CODE_SIGN_IDENTITY[sdk=iphoneos*]" = "iPhone Developer";
				COPY_PHASE_STRIP = YES;
				ENABLE_NS_ASSERTIONS = NO;
				GCC_C_LANGUAGE_STANDARD = gnu99;
				GCC_WARN_64_TO_32_BIT_CONVERSION = YES;
				GCC_WARN_ABOUT_RETURN_TYPE = YES_ERROR;
				GCC_WARN_UNDECLARED_SELECTOR = YES;
				GCC_WARN_UNINITIALIZED_AUTOS = YES_AGGRESSIVE;
				GCC_WARN_UNUSED_FUNCTION = YES;
				GCC_WARN_UNUSED_VARIABLE = YES;
				IPHONEOS_DEPLOYMENT_TARGET = 7.1;
				SDKROOT = iphoneos;
				VALIDATE_PRODUCT = YES;
			};
			name = Release;
		};
		F76A117519C8ACB900843A9D /* Debug */ = {
			isa = XCBuildConfiguration;
			buildSettings = {
				ASSETCATALOG_COMPILER_APPICON_NAME = AppIcon;
				ASSETCATALOG_COMPILER_LAUNCHIMAGE_NAME = LaunchImage;
				CODE_SIGN_IDENTITY = "iPhone Developer";
				FRAMEWORK_SEARCH_PATHS = (
					"$(inherited)",
					/Users/alessandrocamillogimenezdemenezes/Documents/FacebookSDK,
				);
				GCC_PRECOMPILE_PREFIX_HEADER = YES;
				GCC_PREFIX_HEADER = "Lixo-Mestre/Lixo-Mestre-Prefix.pch";
				INFOPLIST_FILE = "Lixo-Mestre/Lixo-Mestre-Info.plist";
				PRODUCT_NAME = "$(TARGET_NAME)";
				WRAPPER_EXTENSION = app;
			};
			name = Debug;
		};
		F76A117619C8ACB900843A9D /* Release */ = {
			isa = XCBuildConfiguration;
			buildSettings = {
				ASSETCATALOG_COMPILER_APPICON_NAME = AppIcon;
				ASSETCATALOG_COMPILER_LAUNCHIMAGE_NAME = LaunchImage;
				CODE_SIGN_IDENTITY = "iPhone Developer";
				FRAMEWORK_SEARCH_PATHS = (
					"$(inherited)",
					/Users/alessandrocamillogimenezdemenezes/Documents/FacebookSDK,
				);
				GCC_PRECOMPILE_PREFIX_HEADER = YES;
				GCC_PREFIX_HEADER = "Lixo-Mestre/Lixo-Mestre-Prefix.pch";
				INFOPLIST_FILE = "Lixo-Mestre/Lixo-Mestre-Info.plist";
				PRODUCT_NAME = "$(TARGET_NAME)";
				WRAPPER_EXTENSION = app;
			};
			name = Release;
		};
		F76A117819C8ACB900843A9D /* Debug */ = {
			isa = XCBuildConfiguration;
			buildSettings = {
				BUNDLE_LOADER = "$(BUILT_PRODUCTS_DIR)/Lixo-Mestre.app/Lixo-Mestre";
				FRAMEWORK_SEARCH_PATHS = (
					"$(SDKROOT)/Developer/Library/Frameworks",
					"$(inherited)",
					"$(DEVELOPER_FRAMEWORKS_DIR)",
				);
				GCC_PRECOMPILE_PREFIX_HEADER = YES;
				GCC_PREFIX_HEADER = "Lixo-Mestre/Lixo-Mestre-Prefix.pch";
				GCC_PREPROCESSOR_DEFINITIONS = (
					"DEBUG=1",
					"$(inherited)",
				);
				INFOPLIST_FILE = "Lixo-MestreTests/Lixo-MestreTests-Info.plist";
				PRODUCT_NAME = "$(TARGET_NAME)";
				TEST_HOST = "$(BUNDLE_LOADER)";
				WRAPPER_EXTENSION = xctest;
			};
			name = Debug;
		};
		F76A117919C8ACB900843A9D /* Release */ = {
			isa = XCBuildConfiguration;
			buildSettings = {
				BUNDLE_LOADER = "$(BUILT_PRODUCTS_DIR)/Lixo-Mestre.app/Lixo-Mestre";
				FRAMEWORK_SEARCH_PATHS = (
					"$(SDKROOT)/Developer/Library/Frameworks",
					"$(inherited)",
					"$(DEVELOPER_FRAMEWORKS_DIR)",
				);
				GCC_PRECOMPILE_PREFIX_HEADER = YES;
				GCC_PREFIX_HEADER = "Lixo-Mestre/Lixo-Mestre-Prefix.pch";
				INFOPLIST_FILE = "Lixo-MestreTests/Lixo-MestreTests-Info.plist";
				PRODUCT_NAME = "$(TARGET_NAME)";
				TEST_HOST = "$(BUNDLE_LOADER)";
				WRAPPER_EXTENSION = xctest;
			};
			name = Release;
		};
/* End XCBuildConfiguration section */

/* Begin XCConfigurationList section */
		F76A114319C8ACB800843A9D /* Build configuration list for PBXProject "Lixo-Mestre" */ = {
			isa = XCConfigurationList;
			buildConfigurations = (
				F76A117219C8ACB900843A9D /* Debug */,
				F76A117319C8ACB900843A9D /* Release */,
			);
			defaultConfigurationIsVisible = 0;
			defaultConfigurationName = Release;
		};
		F76A117419C8ACB900843A9D /* Build configuration list for PBXNativeTarget "Lixo-Mestre" */ = {
			isa = XCConfigurationList;
			buildConfigurations = (
				F76A117519C8ACB900843A9D /* Debug */,
				F76A117619C8ACB900843A9D /* Release */,
			);
			defaultConfigurationIsVisible = 0;
			defaultConfigurationName = Release;
		};
		F76A117719C8ACB900843A9D /* Build configuration list for PBXNativeTarget "Lixo-MestreTests" */ = {
			isa = XCConfigurationList;
			buildConfigurations = (
				F76A117819C8ACB900843A9D /* Debug */,
				F76A117919C8ACB900843A9D /* Release */,
			);
			defaultConfigurationIsVisible = 0;
			defaultConfigurationName = Release;
		};
/* End XCConfigurationList section */
	};
	rootObject = F76A114019C8ACB800843A9D /* Project object */;
}
